<?xml version="1.0" encoding="utf-8"?>
<Project ToolsVersion="4.0" xmlns="http://schemas.microsoft.com/developer/msbuild/2003">
  <ItemGroup>
    <Filter Include="Source Files">
      <UniqueIdentifier>{4FC737F1-C7A5-4376-A066-2A32D752A2FF}</UniqueIdentifier>
      <Extensions>cpp;c;cc;cxx;def;odl;idl;hpj;bat;asm;asmx</Extensions>
    </Filter>
    <Filter Include="Header Files">
      <UniqueIdentifier>{93995380-89BD-4b04-88EB-625FBE52EBFB}</UniqueIdentifier>
      <Extensions>h;hpp;hxx;hm;inl;inc;xsd</Extensions>
    </Filter>
    <Filter Include="Resource Files">
      <UniqueIdentifier>{67DA6AB6-F800-4c08-8B7A-83BB121AAD01}</UniqueIdentifier>
      <Extensions>rc;ico;cur;bmp;dlg;rc2;rct;bin;rgs;gif;jpg;jpeg;jpe;resx;tiff;tif;png;wav</Extensions>
    </Filter>
  </ItemGroup>
  <ItemGroup>
    <ClCompile Include="BootstrapperQTStudio.cpp">
      <Filter>Source Files</Filter>
    </ClCompile>
    <ClCompile Include="..\..\ClientShared\CountersClient.cpp">
      <Filter>Source Files</Filter>
    </ClCompile>
    <ClCompile Include="..\Bootstrapper\SettingsLoader.cpp">
      <Filter>Source Files</Filter>
    </ClCompile>
    <ClCompile Include="..\..\Win\SharedLauncher.cpp">
      <Filter>Source Files</Filter>
    </ClCompile>
    <ClCompile Include="..\..\ClientShared\SimpleJSON.cpp">
      <Filter>Source Files</Filter>
    </ClCompile>
    <ClCompile Include="stdafx.cpp">
      <Filter>Source Files</Filter>
    </ClCompile>
    <ClCompile Include="..\..\ClientShared\StringConv.cpp">
      <Filter>Source Files</Filter>
    </ClCompile>
    <ClCompile Include="StudioProgressDialog.cpp">
      <Filter>Source Files</Filter>
    </ClCompile>
    <ClCompile Include="WindowsStudioInstallerSettings.cpp">
      <Filter>Source Files</Filter>
    </ClCompile>
  </ItemGroup>
  <ItemGroup>
    <ClInclude Include="BootstrapperQTStudio.h">
      <Filter>Header Files</Filter>
    </ClInclude>
    <ClInclude Include="..\..\ClientShared\CountersClient.h">
      <Filter>Header Files</Filter>
    </ClInclude>
    <ClInclude Include="..\Bootstrapper\resource.h">
      <Filter>Header Files</Filter>
    </ClInclude>
    <ClInclude Include="..\Bootstrapper\SettingsLoader.h">
      <Filter>Header Files</Filter>
    </ClInclude>
    <ClInclude Include="..\..\Win\SharedLauncher.h">
      <Filter>Header Files</Filter>
    </ClInclude>
    <ClInclude Include="..\..\ClientShared\SimpleJSON.h">
      <Filter>Header Files</Filter>
    </ClInclude>
    <ClInclude Include="stdafx.h">
      <Filter>Header Files</Filter>
    </ClInclude>
    <ClInclude Include="..\..\ClientShared\StringConv.h">
      <Filter>Header Files</Filter>
    </ClInclude>
    <ClInclude Include="StudioProgressDialog.h">
      <Filter>Header Files</Filter>
    </ClInclude>
    <ClInclude Include="targetver.h">
      <Filter>Header Files</Filter>
    </ClInclude>
    <ClInclude Include="WindowsStudioInstallerSettings.h">
      <Filter>Header Files</Filter>
    </ClInclude>
  </ItemGroup>
  <ItemGroup>
    <Image Include="..\Bootstrapper\Bootstrapper.ico">
      <Filter>Resource Files</Filter>
    </Image>
    <Image Include="Bootstrapper.ico">
      <Filter>Resource Files</Filter>
    </Image>
    <Image Include="..\Bootstrapper\assets\btn_cancel-ON.bmp">
      <Filter>Resource Files</Filter>
    </Image>
    <Image Include="..\Bootstrapper\assets\btn_cancel.bmp">
      <Filter>Resource Files</Filter>
    </Image>
    <Image Include="assets\btn_launchstudio-ON.bmp">
      <Filter>Resource Files</Filter>
    </Image>
    <Image Include="..\Bootstrapper\assets\btn_launchstudio-ON.bmp">
      <Filter>Resource Files</Filter>
    </Image>
    <Image Include="assets\btn_launchstudio.bmp">
      <Filter>Resource Files</Filter>
    </Image>
    <Image Include="..\Bootstrapper\assets\btn_launchstudio.bmp">
      <Filter>Resource Files</Filter>
    </Image>
    <Image Include="..\Bootstrapper\assets\btn_ok-ON.bmp">
      <Filter>Resource Files</Filter>
    </Image>
    <Image Include="..\Bootstrapper\assets\btn_ok.bmp">
      <Filter>Resource Files</Filter>
    </Image>
    <Image Include="..\Bootstrapper\assets\logo_meatball%401x.bmp">
      <Filter>Resource Files</Filter>
    </Image>
    <Image Include="..\Bootstrapper\assets\logo_robloxstudio%401x.bmp">
      <Filter>Resource Files</Filter>
    </Image>
    <Image Include="..\Bootstrapper\assets\txt_backto-ON%401x .bmp">
      <Filter>Resource Files</Filter>
    </Image>
    <Image Include="assets\txt_backto-ON%401x .bmp">
      <Filter>Resource Files</Filter>
    </Image>
    <Image Include="assets\txt_backto%401x.bmp">
      <Filter>Resource Files</Filter>
    </Image>
    <Image Include="..\Bootstrapper\assets\txt_backto%401x.bmp">
      <Filter>Resource Files</Filter>
    </Image>
    <Image Include="..\Bootstrapper\assets\txt_success-player%401x.bmp">
      <Filter>Resource Files</Filter>
    </Image>
    <Image Include="assets\txt_success-player%401x.bmp">
      <Filter>Resource Files</Filter>
    </Image>
    <Image Include="assets\txt_success%401x.bmp">
      <Filter>Resource Files</Filter>
    </Image>
    <Image Include="..\Bootstrapper\assets\txt_success%401x.bmp">
      <Filter>Resource Files</Filter>
    </Image>
  </ItemGroup>
  <ItemGroup>
    <ResourceCompile Include="..\Bootstrapper\Bootstrapper.rc">
      <Filter>Resource Files</Filter>
    </ResourceCompile>
  </ItemGroup>
  <ItemGroup>
    <Text Include="ReadMe.txt" />
  </ItemGroup>
</Project>