<?xml version="1.0" encoding="utf-8"?>
<Project ToolsVersion="4.0" xmlns="http://schemas.microsoft.com/developer/msbuild/2003">
  <ItemGroup>
    <Filter Include="Source Files">
      <UniqueIdentifier>{4FC737F1-C7A5-4376-A066-2A32D752A2FF}</UniqueIdentifier>
      <Extensions>cpp;c;cc;cxx;def;odl;idl;hpj;bat;asm;asmx</Extensions>
    </Filter>
    <Filter Include="Header Files">
      <UniqueIdentifier>{93995380-89BD-4b04-88EB-625FBE52EBFB}</UniqueIdentifier>
      <Extensions>h;hpp;hxx;hm;inl;inc;xsd</Extensions>
    </Filter>
    <Filter Include="Header Files\gSOAP">
      <UniqueIdentifier>{a0d6e055-a9a9-47ff-b3d1-8c5569ae6b59}</UniqueIdentifier>
    </Filter>
    <Filter Include="Header Files\gSOAP\generated">
      <UniqueIdentifier>{66af56c8-08e5-4f37-b109-a9aa41cb1dbf}</UniqueIdentifier>
    </Filter>
    <Filter Include="Header Files\gSOAP\import">
      <UniqueIdentifier>{9aa171ec-8e9f-4bab-a3f0-78af7fef0e34}</UniqueIdentifier>
    </Filter>
    <Filter Include="Resource Files">
      <UniqueIdentifier>{67DA6AB6-F800-4c08-8B7A-83BB121AAD01}</UniqueIdentifier>
      <Extensions>rc;ico;cur;bmp;dlg;rc2;rct;bin;rgs;gif;jpg;jpeg;jpe;resx;tiff;tif;png;wav</Extensions>
    </Filter>
    <Filter Include="Libraries">
      <UniqueIdentifier>{4efd8fde-7bce-43ee-96de-39e7fa54e699}</UniqueIdentifier>
    </Filter>
    <Filter Include="Libraries\Mesa">
      <UniqueIdentifier>{f36af400-cb97-4e68-bc09-6873d16170fe}</UniqueIdentifier>
    </Filter>
    <Filter Include="Libraries\Mesa\Debug">
      <UniqueIdentifier>{049eaf50-23e7-4265-abb9-be2f91a65e4a}</UniqueIdentifier>
    </Filter>
    <Filter Include="Libraries\Mesa\Release">
      <UniqueIdentifier>{3ff446df-3636-4fb1-89bd-f8176f4efb72}</UniqueIdentifier>
    </Filter>
    <Filter Include="Libraries\Release">
      <UniqueIdentifier>{111c3d8f-38f5-4fa0-9479-6094279ba9d8}</UniqueIdentifier>
    </Filter>
    <Filter Include="Libraries\Debug">
      <UniqueIdentifier>{24f6be06-fd17-4322-a5b7-72742c59bdcf}</UniqueIdentifier>
    </Filter>
    <Filter Include="Content">
      <UniqueIdentifier>{8ffac556-6e14-4a62-af09-065f6f18de40}</UniqueIdentifier>
    </Filter>
    <Filter Include="Dev Files">
      <UniqueIdentifier>{fb383b55-5587-4063-bc92-28b93bddd452}</UniqueIdentifier>
    </Filter>
  </ItemGroup>
  <ItemGroup>
    <ClCompile Include="..\ClientShared\DataModelSerialize.cpp">
      <Filter>Source Files</Filter>
    </ClCompile>
    <ClCompile Include="DummyWindow.cpp">
      <Filter>Source Files</Filter>
    </ClCompile>
    <ClCompile Include="..\Win\DumpErrorUploader.cpp">
      <Filter>Source Files</Filter>
    </ClCompile>
    <ClCompile Include="..\Win\ErrorUploader.cpp">
      <Filter>Source Files</Filter>
    </ClCompile>
    <ClCompile Include="..\Win\LogManager.cpp">
      <Filter>Source Files</Filter>
    </ClCompile>
    <ClCompile Include="RCCService.cpp">
      <Filter>Source Files</Filter>
    </ClCompile>
    <ClCompile Include="RCCServiceSoapServiceImpl.cpp">
      <Filter>Source Files</Filter>
    </ClCompile>
    <ClCompile Include="stdafx.cpp">
      <Filter>Source Files</Filter>
    </ClCompile>
    <ClCompile Include="ThumbnailGenerator.cpp">
      <Filter>Source Files</Filter>
    </ClCompile>
    <ClCompile Include="..\Win\Tracer.cpp">
      <Filter>Source Files</Filter>
    </ClCompile>
    <ClCompile Include="..\Win\VersionInfo.cpp">
      <Filter>Source Files</Filter>
    </ClCompile>
    <ClCompile Include="..\Win\VistaTools.cpp">
      <Filter>Source Files</Filter>
    </ClCompile>
    <ClCompile Include="gSOAP\stdsoap2.cpp">
      <Filter>Header Files\gSOAP</Filter>
    </ClCompile>
    <ClCompile Include="gSOAP\generated\soapC.cpp">
      <Filter>Header Files\gSOAP\generated</Filter>
    </ClCompile>
    <ClCompile Include="gSOAP\generated\soapRCCServiceSoapService.cpp">
      <Filter>Header Files\gSOAP\generated</Filter>
    </ClCompile>
    <ClCompile Include="..\App\script\LuaVMServer.cpp">
      <Filter>Source Files</Filter>
    </ClCompile>
    <ClCompile Include="OperationalSecurity.cpp">
      <Filter>Source Files</Filter>
    </ClCompile>
  </ItemGroup>
  <ItemGroup>
    <ClInclude Include="DummyWindow.h">
      <Filter>Header Files</Filter>
    </ClInclude>
    <ClInclude Include="..\Win\DumpErrorUploader.h">
      <Filter>Header Files</Filter>
    </ClInclude>
    <ClInclude Include="..\Win\ErrorUploader.h">
      <Filter>Header Files</Filter>
    </ClInclude>
    <ClInclude Include="..\Win\LogManager.h">
      <Filter>Header Files</Filter>
    </ClInclude>
    <ClInclude Include="resource.h">
      <Filter>Header Files</Filter>
    </ClInclude>
    <ClInclude Include="stdafx.h">
      <Filter>Header Files</Filter>
    </ClInclude>
    <ClInclude Include="thumbnailgenerator.h">
      <Filter>Header Files</Filter>
    </ClInclude>
    <ClInclude Include="..\Win\VersionInfo.h">
      <Filter>Header Files</Filter>
    </ClInclude>
    <ClInclude Include="..\Win\VistaTools.h">
      <Filter>Header Files</Filter>
    </ClInclude>
    <ClInclude Include="gSOAP\stdsoap2.h">
      <Filter>Header Files\gSOAP</Filter>
    </ClInclude>
    <ClInclude Include="gSOAP\generated\prototypes.h">
      <Filter>Header Files\gSOAP\generated</Filter>
    </ClInclude>
    <ClInclude Include="gSOAP\generated\soapH.h">
      <Filter>Header Files\gSOAP\generated</Filter>
    </ClInclude>
    <ClInclude Include="gSOAP\generated\soapRCCServiceSoapService.h">
      <Filter>Header Files\gSOAP\generated</Filter>
    </ClInclude>
    <ClInclude Include="gSOAP\generated\soapStub.h">
      <Filter>Header Files\gSOAP\generated</Filter>
    </ClInclude>
    <ClInclude Include="gSOAP\import\c14n.h">
      <Filter>Header Files\gSOAP\import</Filter>
    </ClInclude>
    <ClInclude Include="gSOAP\import\dom.h">
      <Filter>Header Files\gSOAP\import</Filter>
    </ClInclude>
    <ClInclude Include="gSOAP\import\ds.h">
      <Filter>Header Files\gSOAP\import</Filter>
    </ClInclude>
    <ClInclude Include="gSOAP\import\ds2.h">
      <Filter>Header Files\gSOAP\import</Filter>
    </ClInclude>
    <ClInclude Include="gSOAP\import\soap12.h">
      <Filter>Header Files\gSOAP\import</Filter>
    </ClInclude>
    <ClInclude Include="gSOAP\import\stl.h">
      <Filter>Header Files\gSOAP\import</Filter>
    </ClInclude>
    <ClInclude Include="gSOAP\import\stldeque.h">
      <Filter>Header Files\gSOAP\import</Filter>
    </ClInclude>
    <ClInclude Include="gSOAP\import\stllist.h">
      <Filter>Header Files\gSOAP\import</Filter>
    </ClInclude>
    <ClInclude Include="gSOAP\import\stlset.h">
      <Filter>Header Files\gSOAP\import</Filter>
    </ClInclude>
    <ClInclude Include="gSOAP\import\stlvector.h">
      <Filter>Header Files\gSOAP\import</Filter>
    </ClInclude>
    <ClInclude Include="gSOAP\import\wsa.h">
      <Filter>Header Files\gSOAP\import</Filter>
    </ClInclude>
    <ClInclude Include="gSOAP\import\wsa3.h">
      <Filter>Header Files\gSOAP\import</Filter>
    </ClInclude>
    <ClInclude Include="gSOAP\import\wsa4.h">
      <Filter>Header Files\gSOAP\import</Filter>
    </ClInclude>
    <ClInclude Include="gSOAP\import\wsa5.h">
      <Filter>Header Files\gSOAP\import</Filter>
    </ClInclude>
    <ClInclude Include="gSOAP\import\wsp.h">
      <Filter>Header Files\gSOAP\import</Filter>
    </ClInclude>
    <ClInclude Include="gSOAP\import\wsrp.h">
      <Filter>Header Files\gSOAP\import</Filter>
    </ClInclude>
    <ClInclude Include="gSOAP\import\wsse.h">
      <Filter>Header Files\gSOAP\import</Filter>
    </ClInclude>
    <ClInclude Include="gSOAP\import\wsse2.h">
      <Filter>Header Files\gSOAP\import</Filter>
    </ClInclude>
    <ClInclude Include="gSOAP\import\wsu.h">
      <Filter>Header Files\gSOAP\import</Filter>
    </ClInclude>
    <ClInclude Include="gSOAP\import\xlink.h">
      <Filter>Header Files\gSOAP\import</Filter>
    </ClInclude>
    <ClInclude Include="gSOAP\import\xmime.h">
      <Filter>Header Files\gSOAP\import</Filter>
    </ClInclude>
    <ClInclude Include="gSOAP\import\xmime4.h">
      <Filter>Header Files\gSOAP\import</Filter>
    </ClInclude>
    <ClInclude Include="gSOAP\import\xmime5.h">
      <Filter>Header Files\gSOAP\import</Filter>
    </ClInclude>
    <ClInclude Include="gSOAP\import\xml.h">
      <Filter>Header Files\gSOAP\import</Filter>
    </ClInclude>
    <ClInclude Include="gSOAP\import\xmlmime.h">
      <Filter>Header Files\gSOAP\import</Filter>
    </ClInclude>
    <ClInclude Include="gSOAP\import\xmlmime5.h">
      <Filter>Header Files\gSOAP\import</Filter>
    </ClInclude>
    <ClInclude Include="gSOAP\import\xop.h">
      <Filter>Header Files\gSOAP\import</Filter>
    </ClInclude>
    <ClInclude Include="OperationalSecurity.h">
      <Filter>Header Files</Filter>
    </ClInclude>
  </ItemGroup>
  <ItemGroup>
    <None Include="gSOAP\generate.bat">
      <Filter>Header Files\gSOAP</Filter>
    </None>
    <None Include="gSOAP\soapcpp2.exe">
      <Filter>Header Files\gSOAP</Filter>
    </None>
    <None Include="gSOAP\wsdl2h.exe">
      <Filter>Header Files\gSOAP</Filter>
    </None>
    <None Include="gSOAP\generated\RCCServiceSoap.nsmap">
      <Filter>Header Files\gSOAP\generated</Filter>
    </None>
    <None Include="Message.mc">
      <Filter>Resource Files</Filter>
    </None>
    <None Include="MSG00001.bin">
      <Filter>Resource Files</Filter>
    </None>
  </ItemGroup>
  <ItemGroup>
    <CustomBuild Include="gSOAP\RCCService.wsdl">
      <Filter>Header Files\gSOAP</Filter>
    </CustomBuild>
    <CustomBuild Include="AppSettings.xml" />
  </ItemGroup>
  <ItemGroup>
    <Text Include="gSOAP\import\README.txt">
      <Filter>Header Files\gSOAP\import</Filter>
    </Text>
    <Text Include="ReadMe.txt" />
  </ItemGroup>
  <ItemGroup>
    <Image Include="icon1.ico">
      <Filter>Resource Files</Filter>
    </Image>
  </ItemGroup>
  <ItemGroup>
    <ResourceCompile Include="RCCService.rc">
      <Filter>Resource Files</Filter>
    </ResourceCompile>
  </ItemGroup>
  <ItemGroup>
    <PublishDLLDependency Include="..\RbxDebug\bin\Debug\RbxDebug.dll">
      <Filter>Libraries\Debug</Filter>
    </PublishDLLDependency>
    <PublishDLLDependency Include="..\RbxDebug\bin\Debug\RbxDebug.pdb">
      <Filter>Libraries\Debug</Filter>
    </PublishDLLDependency>
    <PublishDLLDependency Include="gameserver.txt" />
    <PublishDLLDependency Include="..\fmod\win32\fmod.dll" />
    <PublishDLLDependency Include="..\Library\VMProtect\bin\VMProtectSDK32.dll" />
    <PublishDLLDependency Include="..\Library\Mesa\lib\Debug\GLU32.dll" />
    <PublishDLLDependency Include="..\Library\Mesa\lib\Debug\GLU32.pdb" />
    <PublishDLLDependency Include="..\Library\Mesa\lib\Debug\OPENGL32.dll" />
    <PublishDLLDependency Include="..\Library\Mesa\lib\Debug\OPENGL32.pdb" />
    <PublishDLLDependency Include="..\Library\Mesa\lib\Debug\OSMESA32.dll" />
    <PublishDLLDependency Include="..\Library\Mesa\lib\Debug\OSMESA32.pdb" />
    <PublishDLLDependency Include="..\Library\Mesa\lib\Release\GLU32.dll" />
    <PublishDLLDependency Include="..\Library\Mesa\lib\Release\GLU32.pdb" />
    <PublishDLLDependency Include="..\Library\Mesa\lib\Release\OPENGL32.dll" />
    <PublishDLLDependency Include="..\Library\Mesa\lib\Release\OPENGL32.pdb" />
    <PublishDLLDependency Include="..\Library\Mesa\lib\Release\OSMESA32.dll" />
    <PublishDLLDependency Include="..\Library\Mesa\lib\Release\OSMESA32.pdb" />
    <PublishDLLDependency Include="..\Library\Mesa\lib\Debug\GLU32.lib" />
    <PublishDLLDependency Include="..\Library\Mesa\lib\Debug\OPENGL32.lib" />
    <PublishDLLDependency Include="..\Library\Mesa\lib\Debug\OSMESA32.lib" />
    <PublishDLLDependency Include="..\Library\Mesa\lib\Release\GLU32.lib" />
    <PublishDLLDependency Include="..\Library\Mesa\lib\Release\OPENGL32.lib" />
    <PublishDLLDependency Include="..\Library\Mesa\lib\Release\OSMESA32.lib" />
  </ItemGroup>
</Project>