
Microsoft Visual Studio Solution File, Format Version 12.00
# Visual Studio 14
VisualStudioVersion = 14.0.25420.1
MinimumVisualStudioVersion = 10.0.40219.1
Project("{8BC9CEB8-8B4A-11D0-8D11-00A0C91BC942}") = "RCCService", "RCCService.vcxproj", "{6DD8FDCA-DB72-4886-AF4A-4A85611EDF37}"
EndProject
Project("{8BC9CEB8-8B4A-11D0-8D11-00A0C91BC942}") = "App", "..\App\App.vcxproj", "{63DB8347-940B-4A05-8975-6A6545C315DC}"
EndProject
Project("{8BC9CEB8-8B4A-11D0-8D11-00A0C91BC942}") = "AppDraw", "..\Rendering\AppDraw\AppDraw.vcxproj", "{43AFCF25-5133-4978-8B2C-D02EE0EEE199}"
EndProject
Project("{8BC9CEB8-8B4A-11D0-8D11-00A0C91BC942}") = "GLG3D", "..\Rendering\g3d\GLG3D.vcproj", "{DCF152E1-05EC-438A-9BE0-AA45B078E6AD}"
EndProject
Project("{8BC9CEB8-8B4A-11D0-8D11-00A0C91BC942}") = "graphics3D", "..\Rendering\g3d\graphics3D.vcxproj", "{05C08695-1ECA-489C-815D-D74D65F353F0}"
EndProject
Project("{8BC9CEB8-8B4A-11D0-8D11-00A0C91BC942}") = "Network", "..\Network\Network.vcxproj", "{9B9EB5C6-15D1-4765-BCC7-8A42F2C9F6CC}"
EndProject
Project("{8BC9CEB8-8B4A-11D0-8D11-00A0C91BC942}") = "RenderLib", "..\Rendering\RenderLib\RenderLib.vcproj", "{7D55BDAB-C90B-4B36-9B2C-AF8EF3E9129F}"
EndProject
Project("{54435603-DBB4-11D2-8724-00A0C9A8B90C}") = "RBXGSSetup", "..\..\RBXGS\RBXGSSetup\WebServiceSetup.vdproj", "{BD4374F3-78C0-457B-93DB-73C78DE04CC3}"
EndProject
Project("{8BC9CEB8-8B4A-11D0-8D11-00A0C91BC942}") = "ContentFonts", "..\ContentFonts\ContentFonts.vcproj", "{E9AE2576-33A7-45F1-A966-419397584B11}"
EndProject
Project("{8BC9CEB8-8B4A-11D0-8D11-00A0C91BC942}") = "ContentSky", "..\ContentSky\ContentSky.vcproj", "{5CD0B80D-C8BD-477A-9458-26C71B9B70DA}"
EndProject
Project("{8BC9CEB8-8B4A-11D0-8D11-00A0C91BC942}") = "ContentTextures", "..\ContentTextures\ContentTextures.vcproj", "{D3D83295-EBF4-4829-9AC2-AA41595E0B97}"
EndProject
Project("{8BC9CEB8-8B4A-11D0-8D11-00A0C91BC942}") = "RbxViewNew", "..\RbxViewNew\RbxViewNew.vcproj", "{F6191CBA-C015-4D05-8A54-9BE3DC98C423}"
EndProject
Project("{8BC9CEB8-8B4A-11D0-8D11-00A0C91BC942}") = "RenderLibBase", "..\Rendering\RenderLibBase\RenderLibBase.vcproj", "{857DE167-1ED8-4E4D-955A-5CC5CC3944C1}"
EndProject
Project("{8BC9CEB8-8B4A-11D0-8D11-00A0C91BC942}") = "RenderLibNew", "..\Rendering\RenderLibNew\RenderLibNew.vcproj", "{3849AFE3-7071-4153-95FE-1C28BCCCF57A}"
EndProject
Project("{8BC9CEB8-8B4A-11D0-8D11-00A0C91BC942}") = "RbxGraphics", "..\RbxGraphics\RbxGraphics.vcproj", "{4072A9E3-4DA4-4FF0-B7DB-4A7D99AC956A}"
EndProject
Global
	GlobalSection(SolutionConfigurationPlatforms) = preSolution
		Debug|Win32 = Debug|Win32
		NoOpt|Win32 = NoOpt|Win32
		Release|Win32 = Release|Win32
		ReleaseAssert|Win32 = ReleaseAssert|Win32
	EndGlobalSection
	GlobalSection(ProjectConfigurationPlatforms) = postSolution
		{6DD8FDCA-DB72-4886-AF4A-4A85611EDF37}.Debug|Win32.ActiveCfg = Debug|Win32
		{6DD8FDCA-DB72-4886-AF4A-4A85611EDF37}.Debug|Win32.Build.0 = Debug|Win32
		{6DD8FDCA-DB72-4886-AF4A-4A85611EDF37}.NoOpt|Win32.ActiveCfg = NoOpt|Win32
		{6DD8FDCA-DB72-4886-AF4A-4A85611EDF37}.NoOpt|Win32.Build.0 = NoOpt|Win32
		{6DD8FDCA-DB72-4886-AF4A-4A85611EDF37}.Release|Win32.ActiveCfg = Release|Win32
		{6DD8FDCA-DB72-4886-AF4A-4A85611EDF37}.Release|Win32.Build.0 = Release|Win32
		{6DD8FDCA-DB72-4886-AF4A-4A85611EDF37}.ReleaseAssert|Win32.ActiveCfg = Release|Win32
		{6DD8FDCA-DB72-4886-AF4A-4A85611EDF37}.ReleaseAssert|Win32.Build.0 = Release|Win32
		{63DB8347-940B-4A05-8975-6A6545C315DC}.Debug|Win32.ActiveCfg = Debug|Win32
		{63DB8347-940B-4A05-8975-6A6545C315DC}.Debug|Win32.Build.0 = Debug|Win32
		{63DB8347-940B-4A05-8975-6A6545C315DC}.NoOpt|Win32.ActiveCfg = NoOpt|Win32
		{63DB8347-940B-4A05-8975-6A6545C315DC}.NoOpt|Win32.Build.0 = NoOpt|Win32
		{63DB8347-940B-4A05-8975-6A6545C315DC}.Release|Win32.ActiveCfg = Release|Win32
		{63DB8347-940B-4A05-8975-6A6545C315DC}.Release|Win32.Build.0 = Release|Win32
		{63DB8347-940B-4A05-8975-6A6545C315DC}.ReleaseAssert|Win32.ActiveCfg = ReleaseRcc|Win32
		{63DB8347-940B-4A05-8975-6A6545C315DC}.ReleaseAssert|Win32.Build.0 = ReleaseRcc|Win32
		{43AFCF25-5133-4978-8B2C-D02EE0EEE199}.Debug|Win32.ActiveCfg = Debug|Win32
		{43AFCF25-5133-4978-8B2C-D02EE0EEE199}.Debug|Win32.Build.0 = Debug|Win32
		{43AFCF25-5133-4978-8B2C-D02EE0EEE199}.NoOpt|Win32.ActiveCfg = NoOpt|Win32
		{43AFCF25-5133-4978-8B2C-D02EE0EEE199}.NoOpt|Win32.Build.0 = NoOpt|Win32
		{43AFCF25-5133-4978-8B2C-D02EE0EEE199}.Release|Win32.ActiveCfg = Release|Win32
		{43AFCF25-5133-4978-8B2C-D02EE0EEE199}.Release|Win32.Build.0 = Release|Win32
		{43AFCF25-5133-4978-8B2C-D02EE0EEE199}.ReleaseAssert|Win32.ActiveCfg = Release|Win32
		{43AFCF25-5133-4978-8B2C-D02EE0EEE199}.ReleaseAssert|Win32.Build.0 = Release|Win32
		{DCF152E1-05EC-438A-9BE0-AA45B078E6AD}.Debug|Win32.ActiveCfg = Debug|Win32
		{DCF152E1-05EC-438A-9BE0-AA45B078E6AD}.Debug|Win32.Build.0 = Debug|Win32
		{DCF152E1-05EC-438A-9BE0-AA45B078E6AD}.NoOpt|Win32.ActiveCfg = Release|Win32
		{DCF152E1-05EC-438A-9BE0-AA45B078E6AD}.NoOpt|Win32.Build.0 = Release|Win32
		{DCF152E1-05EC-438A-9BE0-AA45B078E6AD}.Release|Win32.ActiveCfg = Release|Win32
		{DCF152E1-05EC-438A-9BE0-AA45B078E6AD}.Release|Win32.Build.0 = Release|Win32
		{DCF152E1-05EC-438A-9BE0-AA45B078E6AD}.ReleaseAssert|Win32.ActiveCfg = Release|Win32
		{DCF152E1-05EC-438A-9BE0-AA45B078E6AD}.ReleaseAssert|Win32.Build.0 = Release|Win32
		{05C08695-1ECA-489C-815D-D74D65F353F0}.Debug|Win32.ActiveCfg = Debug|Win32
		{05C08695-1ECA-489C-815D-D74D65F353F0}.Debug|Win32.Build.0 = Debug|Win32
		{05C08695-1ECA-489C-815D-D74D65F353F0}.NoOpt|Win32.ActiveCfg = Release|Win32
		{05C08695-1ECA-489C-815D-D74D65F353F0}.NoOpt|Win32.Build.0 = Release|Win32
		{05C08695-1ECA-489C-815D-D74D65F353F0}.Release|Win32.ActiveCfg = Release|Win32
		{05C08695-1ECA-489C-815D-D74D65F353F0}.Release|Win32.Build.0 = Release|Win32
		{05C08695-1ECA-489C-815D-D74D65F353F0}.ReleaseAssert|Win32.ActiveCfg = Release|Win32
		{05C08695-1ECA-489C-815D-D74D65F353F0}.ReleaseAssert|Win32.Build.0 = Release|Win32
		{9B9EB5C6-15D1-4765-BCC7-8A42F2C9F6CC}.Debug|Win32.ActiveCfg = Debug|Win32
		{9B9EB5C6-15D1-4765-BCC7-8A42F2C9F6CC}.Debug|Win32.Build.0 = Debug|Win32
		{9B9EB5C6-15D1-4765-BCC7-8A42F2C9F6CC}.NoOpt|Win32.ActiveCfg = NoOpt|Win32
		{9B9EB5C6-15D1-4765-BCC7-8A42F2C9F6CC}.NoOpt|Win32.Build.0 = NoOpt|Win32
		{9B9EB5C6-15D1-4765-BCC7-8A42F2C9F6CC}.Release|Win32.ActiveCfg = Release|Win32
		{9B9EB5C6-15D1-4765-BCC7-8A42F2C9F6CC}.Release|Win32.Build.0 = Release|Win32
		{9B9EB5C6-15D1-4765-BCC7-8A42F2C9F6CC}.ReleaseAssert|Win32.ActiveCfg = ReleaseRcc|Win32
		{9B9EB5C6-15D1-4765-BCC7-8A42F2C9F6CC}.ReleaseAssert|Win32.Build.0 = ReleaseRcc|Win32
		{7D55BDAB-C90B-4B36-9B2C-AF8EF3E9129F}.Debug|Win32.ActiveCfg = Debug|Win32
		{7D55BDAB-C90B-4B36-9B2C-AF8EF3E9129F}.Debug|Win32.Build.0 = Debug|Win32
		{7D55BDAB-C90B-4B36-9B2C-AF8EF3E9129F}.NoOpt|Win32.ActiveCfg = Release|Win32
		{7D55BDAB-C90B-4B36-9B2C-AF8EF3E9129F}.NoOpt|Win32.Build.0 = Release|Win32
		{7D55BDAB-C90B-4B36-9B2C-AF8EF3E9129F}.Release|Win32.ActiveCfg = Release|Win32
		{7D55BDAB-C90B-4B36-9B2C-AF8EF3E9129F}.Release|Win32.Build.0 = Release|Win32
		{7D55BDAB-C90B-4B36-9B2C-AF8EF3E9129F}.ReleaseAssert|Win32.ActiveCfg = Release|Win32
		{7D55BDAB-C90B-4B36-9B2C-AF8EF3E9129F}.ReleaseAssert|Win32.Build.0 = Release|Win32
		{BD4374F3-78C0-457B-93DB-73C78DE04CC3}.Debug|Win32.ActiveCfg = Debug
		{BD4374F3-78C0-457B-93DB-73C78DE04CC3}.NoOpt|Win32.ActiveCfg = Release
		{BD4374F3-78C0-457B-93DB-73C78DE04CC3}.Release|Win32.ActiveCfg = Release
		{BD4374F3-78C0-457B-93DB-73C78DE04CC3}.ReleaseAssert|Win32.ActiveCfg = Release
		{BD4374F3-78C0-457B-93DB-73C78DE04CC3}.ReleaseAssert|Win32.Build.0 = Release
		{E9AE2576-33A7-45F1-A966-419397584B11}.Debug|Win32.ActiveCfg = Debug|Win32
		{E9AE2576-33A7-45F1-A966-419397584B11}.Debug|Win32.Build.0 = Debug|Win32
		{E9AE2576-33A7-45F1-A966-419397584B11}.NoOpt|Win32.ActiveCfg = Release|Win32
		{E9AE2576-33A7-45F1-A966-419397584B11}.NoOpt|Win32.Build.0 = Release|Win32
		{E9AE2576-33A7-45F1-A966-419397584B11}.Release|Win32.ActiveCfg = Release|Win32
		{E9AE2576-33A7-45F1-A966-419397584B11}.Release|Win32.Build.0 = Release|Win32
		{E9AE2576-33A7-45F1-A966-419397584B11}.ReleaseAssert|Win32.ActiveCfg = Release|Win32
		{E9AE2576-33A7-45F1-A966-419397584B11}.ReleaseAssert|Win32.Build.0 = Release|Win32
		{5CD0B80D-C8BD-477A-9458-26C71B9B70DA}.Debug|Win32.ActiveCfg = Debug|Win32
		{5CD0B80D-C8BD-477A-9458-26C71B9B70DA}.Debug|Win32.Build.0 = Debug|Win32
		{5CD0B80D-C8BD-477A-9458-26C71B9B70DA}.NoOpt|Win32.ActiveCfg = Release|Win32
		{5CD0B80D-C8BD-477A-9458-26C71B9B70DA}.NoOpt|Win32.Build.0 = Release|Win32
		{5CD0B80D-C8BD-477A-9458-26C71B9B70DA}.Release|Win32.ActiveCfg = Release|Win32
		{5CD0B80D-C8BD-477A-9458-26C71B9B70DA}.Release|Win32.Build.0 = Release|Win32
		{5CD0B80D-C8BD-477A-9458-26C71B9B70DA}.ReleaseAssert|Win32.ActiveCfg = Release|Win32
		{5CD0B80D-C8BD-477A-9458-26C71B9B70DA}.ReleaseAssert|Win32.Build.0 = Release|Win32
		{D3D83295-EBF4-4829-9AC2-AA41595E0B97}.Debug|Win32.ActiveCfg = Debug|Win32
		{D3D83295-EBF4-4829-9AC2-AA41595E0B97}.Debug|Win32.Build.0 = Debug|Win32
		{D3D83295-EBF4-4829-9AC2-AA41595E0B97}.NoOpt|Win32.ActiveCfg = Release|Win32
		{D3D83295-EBF4-4829-9AC2-AA41595E0B97}.NoOpt|Win32.Build.0 = Release|Win32
		{D3D83295-EBF4-4829-9AC2-AA41595E0B97}.Release|Win32.ActiveCfg = Release|Win32
		{D3D83295-EBF4-4829-9AC2-AA41595E0B97}.Release|Win32.Build.0 = Release|Win32
		{D3D83295-EBF4-4829-9AC2-AA41595E0B97}.ReleaseAssert|Win32.ActiveCfg = Release|Win32
		{D3D83295-EBF4-4829-9AC2-AA41595E0B97}.ReleaseAssert|Win32.Build.0 = Release|Win32
		{F6191CBA-C015-4D05-8A54-9BE3DC98C423}.Debug|Win32.ActiveCfg = Debug|Win32
		{F6191CBA-C015-4D05-8A54-9BE3DC98C423}.Debug|Win32.Build.0 = Debug|Win32
		{F6191CBA-C015-4D05-8A54-9BE3DC98C423}.NoOpt|Win32.ActiveCfg = NoOpt|Win32
		{F6191CBA-C015-4D05-8A54-9BE3DC98C423}.NoOpt|Win32.Build.0 = NoOpt|Win32
		{F6191CBA-C015-4D05-8A54-9BE3DC98C423}.Release|Win32.ActiveCfg = Release|Win32
		{F6191CBA-C015-4D05-8A54-9BE3DC98C423}.Release|Win32.Build.0 = Release|Win32
		{F6191CBA-C015-4D05-8A54-9BE3DC98C423}.ReleaseAssert|Win32.ActiveCfg = Release|Win32
		{F6191CBA-C015-4D05-8A54-9BE3DC98C423}.ReleaseAssert|Win32.Build.0 = Release|Win32
		{857DE167-1ED8-4E4D-955A-5CC5CC3944C1}.Debug|Win32.ActiveCfg = Debug|Win32
		{857DE167-1ED8-4E4D-955A-5CC5CC3944C1}.Debug|Win32.Build.0 = Debug|Win32
		{857DE167-1ED8-4E4D-955A-5CC5CC3944C1}.NoOpt|Win32.ActiveCfg = NoOpt|Win32
		{857DE167-1ED8-4E4D-955A-5CC5CC3944C1}.NoOpt|Win32.Build.0 = NoOpt|Win32
		{857DE167-1ED8-4E4D-955A-5CC5CC3944C1}.Release|Win32.ActiveCfg = Release|Win32
		{857DE167-1ED8-4E4D-955A-5CC5CC3944C1}.Release|Win32.Build.0 = Release|Win32
		{857DE167-1ED8-4E4D-955A-5CC5CC3944C1}.ReleaseAssert|Win32.ActiveCfg = Release|Win32
		{857DE167-1ED8-4E4D-955A-5CC5CC3944C1}.ReleaseAssert|Win32.Build.0 = Release|Win32
		{3849AFE3-7071-4153-95FE-1C28BCCCF57A}.Debug|Win32.ActiveCfg = Debug|Win32
		{3849AFE3-7071-4153-95FE-1C28BCCCF57A}.Debug|Win32.Build.0 = Debug|Win32
		{3849AFE3-7071-4153-95FE-1C28BCCCF57A}.NoOpt|Win32.ActiveCfg = NoOpt|Win32
		{3849AFE3-7071-4153-95FE-1C28BCCCF57A}.NoOpt|Win32.Build.0 = NoOpt|Win32
		{3849AFE3-7071-4153-95FE-1C28BCCCF57A}.Release|Win32.ActiveCfg = Release|Win32
		{3849AFE3-7071-4153-95FE-1C28BCCCF57A}.Release|Win32.Build.0 = Release|Win32
		{3849AFE3-7071-4153-95FE-1C28BCCCF57A}.ReleaseAssert|Win32.ActiveCfg = Release|Win32
		{3849AFE3-7071-4153-95FE-1C28BCCCF57A}.ReleaseAssert|Win32.Build.0 = Release|Win32
		{4072A9E3-4DA4-4FF0-B7DB-4A7D99AC956A}.Debug|Win32.ActiveCfg = Debug|Win32
		{4072A9E3-4DA4-4FF0-B7DB-4A7D99AC956A}.Debug|Win32.Build.0 = Debug|Win32
		{4072A9E3-4DA4-4FF0-B7DB-4A7D99AC956A}.NoOpt|Win32.ActiveCfg = NoOpt|Win32
		{4072A9E3-4DA4-4FF0-B7DB-4A7D99AC956A}.NoOpt|Win32.Build.0 = NoOpt|Win32
		{4072A9E3-4DA4-4FF0-B7DB-4A7D99AC956A}.Release|Win32.ActiveCfg = Release|Win32
		{4072A9E3-4DA4-4FF0-B7DB-4A7D99AC956A}.Release|Win32.Build.0 = Release|Win32
		{4072A9E3-4DA4-4FF0-B7DB-4A7D99AC956A}.ReleaseAssert|Win32.ActiveCfg = Release|Win32
		{4072A9E3-4DA4-4FF0-B7DB-4A7D99AC956A}.ReleaseAssert|Win32.Build.0 = Release|Win32
	EndGlobalSection
	GlobalSection(SolutionProperties) = preSolution
		HideSolutionNode = FALSE
	EndGlobalSection
EndGlobal
