<?xml version="1.0" encoding="utf-8"?>
<Project ToolsVersion="4.0" xmlns="http://schemas.microsoft.com/developer/msbuild/2003">
  <ItemGroup>
    <PublishDLLDependency Include="..\RbxDebug\bin\Debug\RbxDebug.dll">
      <Filter>Libraries\Debug</Filter>
    </PublishDLLDependency>
    <PublishDLLDependency Include="..\RbxDebug\bin\Debug\RbxDebug.pdb">
      <Filter>Libraries\Debug</Filter>
    </PublishDLLDependency>
    <PublishDLLDependency Include="..\Rendering\ShaderCompiler\d3dcompiler_47.dll">
      <Filter>Libraries</Filter>
    </PublishDLLDependency>
    <PublishDLLDependency Include="..\fmod\win32\fmod.dll">
      <Filter>Libraries</Filter>
    </PublishDLLDependency>
    <PublishDLLDependency Include="..\Rendering\OpenVR\bin\win32\openvr_api.dll" />
    <PublishDLLDependency Include="..\Library\SDL2\lib\x86\SDL2.dll" />
    <PublishDLLDependency Include="..\Library\VMProtect\bin\VMProtectSDK32.dll" />
  </ItemGroup>
  <ItemGroup>
    <ClCompile Include="Application.cpp">
      <Filter>Source Files</Filter>
    </ClCompile>
    <ClCompile Include="..\Win\AuthenticationMarshallar.cpp">
      <Filter>Source Files</Filter>
    </ClCompile>
    <ClCompile Include="Crypt.cpp">
      <Filter>Source Files</Filter>
    </ClCompile>
    <ClCompile Include="..\ClientShared\DataModelEmptySerialize.cpp">
      <Filter>Source Files</Filter>
    </ClCompile>
    <ClCompile Include="Document.cpp">
      <Filter>Source Files</Filter>
    </ClCompile>
    <ClCompile Include="..\Win\DSVideoCaptureEngine.cpp">
      <Filter>Source Files</Filter>
    </ClCompile>
    <ClCompile Include="..\Win\DumpErrorUploader.cpp">
      <Filter>Source Files</Filter>
    </ClCompile>
    <ClCompile Include="..\Win\ErrorUploader.cpp">
      <Filter>Source Files</Filter>
    </ClCompile>
    <ClCompile Include="FunctionMarshaller.cpp">
      <Filter>Source Files</Filter>
    </ClCompile>
    <ClCompile Include="GameVerbs.cpp">
      <Filter>Source Files</Filter>
    </ClCompile>
    <ClCompile Include="..\Win\LogManager.cpp">
      <Filter>Source Files</Filter>
    </ClCompile>
    <ClCompile Include="..\ClientBase\MachineConfiguration.cpp">
      <Filter>Source Files</Filter>
    </ClCompile>
    <ClCompile Include="main.cpp">
      <Filter>Source Files</Filter>
    </ClCompile>
    <ClCompile Include="..\ClientBase\ReflectionMetadata.cpp">
      <Filter>Source Files</Filter>
    </ClCompile>
    <ClCompile Include="RenderJob.cpp">
      <Filter>Source Files</Filter>
    </ClCompile>
    <ClCompile Include="..\ClientBase\RenderSettingsItem.cpp">
      <Filter>Source Files</Filter>
    </ClCompile>
    <ClCompile Include="stdafx.cpp">
      <Filter>Source Files</Filter>
    </ClCompile>
    <ClCompile Include="..\Win\Tracer.cpp">
      <Filter>Source Files</Filter>
    </ClCompile>
    <ClCompile Include="Teleporter.cpp">
      <Filter>Source Files</Filter>
    </ClCompile>
    <ClCompile Include="UserInput.cpp">
      <Filter>Source Files</Filter>
    </ClCompile>
    <ClCompile Include="..\Win\UserInputUtil.cpp">
      <Filter>Source Files</Filter>
    </ClCompile>
    <ClCompile Include="..\Win\VersionInfo.cpp">
      <Filter>Source Files</Filter>
    </ClCompile>
    <ClCompile Include="..\Win\VideoControl.cpp">
      <Filter>Source Files</Filter>
    </ClCompile>
    <ClCompile Include="View.cpp">
      <Filter>Source Files</Filter>
    </ClCompile>
    <ClCompile Include="..\Win\VistaTools.cpp">
      <Filter>Source Files</Filter>
    </ClCompile>
    <ClCompile Include="WebBrowserAxDialog.cpp">
      <Filter>Source Files</Filter>
    </ClCompile>
    <ClCompile Include="RbxWebView.cpp">
      <Filter>Source Files</Filter>
    </ClCompile>
    <ClCompile Include="..\App\script\LuaVMClient.cpp">
      <Filter>Source Files</Filter>
    </ClCompile>
    <ClCompile Include="functionHooks.cpp">
      <Filter>Source Files</Filter>
    </ClCompile>
    <ClCompile Include="robloxHooks.cpp">
      <Filter>Source Files</Filter>
    </ClCompile>
    <ClCompile Include="..\ClientShared\SDLGameController.cpp">
      <Filter>Source Files</Filter>
    </ClCompile>
    <ClCompile Include="RandomPadding.cpp">
      <Filter>Source Files</Filter>
    </ClCompile>
    <ClCompile Include="ReleasePatcher.cpp" />
    <ClCompile Include="..\Library\boost\libs\program_options\src\cmdline.cpp" />
    <ClCompile Include="..\Library\boost\libs\program_options\src\config_file.cpp" />
    <ClCompile Include="..\Library\boost\libs\program_options\src\convert.cpp" />
    <ClCompile Include="..\Library\boost\libs\program_options\src\options_description.cpp" />
    <ClCompile Include="..\Library\boost\libs\program_options\src\parsers.cpp" />
    <ClCompile Include="..\Library\boost\libs\program_options\src\positional_options.cpp" />
    <ClCompile Include="..\Library\boost\libs\program_options\src\split.cpp" />
    <ClCompile Include="..\Library\boost\libs\program_options\src\utf8_codecvt_facet.cpp" />
    <ClCompile Include="..\Library\boost\libs\program_options\src\value_semantic.cpp" />
    <ClCompile Include="..\Library\boost\libs\program_options\src\variables_map.cpp" />
    <ClCompile Include="..\Library\boost\libs\program_options\src\winmain.cpp" />
  </ItemGroup>
  <ItemGroup>
    <ClInclude Include="Application.h">
      <Filter>Header Files</Filter>
    </ClInclude>
    <ClInclude Include="..\Win\AuthenticationMarshallar.h">
      <Filter>Header Files</Filter>
    </ClInclude>
    <ClInclude Include="Crypt.h">
      <Filter>Header Files</Filter>
    </ClInclude>
    <ClInclude Include="..\Win\dinput.h">
      <Filter>Header Files</Filter>
    </ClInclude>
    <ClInclude Include="Document.h">
      <Filter>Header Files</Filter>
    </ClInclude>
    <ClInclude Include="..\Win\DSVideoCaptureEngine.h">
      <Filter>Header Files</Filter>
    </ClInclude>
    <ClInclude Include="..\Win\DumpErrorUploader.h">
      <Filter>Header Files</Filter>
    </ClInclude>
    <ClInclude Include="..\Win\ErrorUploader.h">
      <Filter>Header Files</Filter>
    </ClInclude>
    <ClInclude Include="FunctionMarshaller.h">
      <Filter>Header Files</Filter>
    </ClInclude>
    <ClInclude Include="GameVerbs.h">
      <Filter>Header Files</Filter>
    </ClInclude>
    <ClInclude Include="..\Win\LogManager.h">
      <Filter>Header Files</Filter>
    </ClInclude>
    <ClInclude Include="RenderJob.h">
      <Filter>Header Files</Filter>
    </ClInclude>
    <ClInclude Include="..\ClientBase\RenderSettingsItem.h">
      <Filter>Header Files</Filter>
    </ClInclude>
    <ClInclude Include="Teleporter.h">
      <Filter>Header Files</Filter>
    </ClInclude>
    <ClInclude Include="UserInput.h">
      <Filter>Header Files</Filter>
    </ClInclude>
    <ClInclude Include="..\Win\UserInputUtil.h">
      <Filter>Header Files</Filter>
    </ClInclude>
    <ClInclude Include="..\Win\VideoControl.h">
      <Filter>Header Files</Filter>
    </ClInclude>
    <ClInclude Include="..\Win\VersionInfo.h">
      <Filter>Header Files</Filter>
    </ClInclude>
    <ClInclude Include="View.h">
      <Filter>Header Files</Filter>
    </ClInclude>
    <ClInclude Include="..\Win\VistaTools.h">
      <Filter>Header Files</Filter>
    </ClInclude>
    <ClInclude Include="stdafx.h">
      <Filter>Header Files</Filter>
    </ClInclude>
    <ClInclude Include="resource.h">
      <Filter>Header Files</Filter>
    </ClInclude>
    <ClInclude Include="RbxWebView.h">
      <Filter>Header Files</Filter>
    </ClInclude>
    <ClInclude Include="RobloxHooks.h">
      <Filter>Header Files</Filter>
    </ClInclude>
    <ClInclude Include="functionHooks.h">
      <Filter>Header Files</Filter>
    </ClInclude>
    <ClInclude Include="..\ClientShared\SDLGameController.h">
      <Filter>Header Files</Filter>
    </ClInclude>
    <ClInclude Include="ReleasePatcher.h" />
  </ItemGroup>
  <ItemGroup>
    <CustomBuild Include="AppSettings.xml">
      <Filter>Dev Files</Filter>
    </CustomBuild>
    <CustomBuild Include="..\ClientBase\ReflectionMetadata.xml">
      <Filter>Dev Files</Filter>
    </CustomBuild>
  </ItemGroup>
  <ItemGroup>
    <Filter Include="Source Files">
      <UniqueIdentifier>{bf4db90a-e1d5-40f5-abbe-263eae5cf15b}</UniqueIdentifier>
    </Filter>
    <Filter Include="Header Files">
      <UniqueIdentifier>{d2e108e9-3076-4039-b347-9e02753167f8}</UniqueIdentifier>
    </Filter>
    <Filter Include="Source Files\boost">
      <UniqueIdentifier>{d86f7e4c-a526-4b13-82b2-3d86e72f0717}</UniqueIdentifier>
    </Filter>
    <Filter Include="Source Files\boost\program_options">
      <UniqueIdentifier>{ba1269d8-1845-4dc5-9a54-23ec9ba67726}</UniqueIdentifier>
    </Filter>
    <Filter Include="Dev Files">
      <UniqueIdentifier>{8e868540-f968-48b1-bc59-356ca2df0496}</UniqueIdentifier>
    </Filter>
    <Filter Include="Libraries">
      <UniqueIdentifier>{bd30601f-c277-4b23-87a6-bc37eb7f6809}</UniqueIdentifier>
    </Filter>
    <Filter Include="Libraries\Boost">
      <UniqueIdentifier>{46e179b5-7746-4216-adab-0fb57f87d6a6}</UniqueIdentifier>
    </Filter>
    <Filter Include="Libraries\Boost\Debug">
      <UniqueIdentifier>{e116ad4c-4648-4cbe-b614-d1ae8e81c8e2}</UniqueIdentifier>
    </Filter>
    <Filter Include="Libraries\Boost\Release">
      <UniqueIdentifier>{a7bb90b2-935a-4353-9191-05f4201f913e}</UniqueIdentifier>
    </Filter>
    <Filter Include="Libraries\Debug">
      <UniqueIdentifier>{2808a1d4-3b0b-4bc8-94ca-f37357995d15}</UniqueIdentifier>
    </Filter>
    <Filter Include="Libraries\Release">
      <UniqueIdentifier>{5d0208f1-e2e6-46be-a460-66686c5c37aa}</UniqueIdentifier>
    </Filter>
    <Filter Include="Resource Files">
      <UniqueIdentifier>{69cae9c7-1da1-4bce-98cf-1f048cb42f27}</UniqueIdentifier>
    </Filter>
    <Filter Include="Libraries\SDL2.0.4">
      <UniqueIdentifier>{9af36c0e-206f-4757-b94b-125d58bae25f}</UniqueIdentifier>
    </Filter>
  </ItemGroup>
  <ItemGroup>
    <None Include="InvisibleCursor.cur">
      <Filter>Resource Files</Filter>
    </None>
    <None Include="html_con.htm" />
  </ItemGroup>
  <ItemGroup>
    <Image Include="Roblox.ico">
      <Filter>Resource Files</Filter>
    </Image>
  </ItemGroup>
  <ItemGroup>
    <ResourceCompile Include="WindowsClient.rc">
      <Filter>Resource Files</Filter>
    </ResourceCompile>
  </ItemGroup>
  <ItemGroup>
    <Text Include="ReadMe.txt" />
  </ItemGroup>
  <ItemGroup>
    <Library Include="..\Library\SDL2\lib\x86\\SDL2.lib" />
  </ItemGroup>
</Project>