// !$*UTF8*$!
{
	archiveVersion = 1;
	classes = {
	};
	objectVersion = 46;
	objects = {

/* Begin PBXBuildFile section */
		10EE19B715DC2CEF00C77EF8 /* libboost-d-1_55.a in Frameworks */ = {isa = PBXBuildFile; fileRef = 10EE19B615DC2CE700C77EF8 /* libboost-d-1_55.a */; };
		1F28447615E6F96400120D64 /* ErrorLogsFixture.h in Headers */ = {isa = PBXBuildFile; fileRef = 1F8D261712DCEF1500EF0515 /* ErrorLogsFixture.h */; };
		1F28447715E6F96400120D64 /* test_tools.h in Headers */ = {isa = PBXBuildFile; fileRef = 1F8D261812DCEF1500EF0515 /* test_tools.h */; };
		1F28447815E6F96400120D64 /* TimeoutFixture.h in Headers */ = {isa = PBXBuildFile; fileRef = 1F8D261912DCEF1500EF0515 /* TimeoutFixture.h */; };
		1F28447915E6F96400120D64 /* teamcity_messages.h in Headers */ = {isa = PBXBuildFile; fileRef = 1F8D261D12DCEF2500EF0515 /* teamcity_messages.h */; };
		1F28447A15E6F96400120D64 /* Base.UnitTest.Lib.h in Headers */ = {isa = PBXBuildFile; fileRef = 52743DC415053D570062A339 /* Base.UnitTest.Lib.h */; };
		1F28447C15E6F96400120D64 /* teamcity_boost.cpp in Sources */ = {isa = PBXBuildFile; fileRef = 1F8D261212DCEEEC00EF0515 /* teamcity_boost.cpp */; };
		1F28447D15E6F96400120D64 /* teamcity_messages.cpp in Sources */ = {isa = PBXBuildFile; fileRef = 1F8D261312DCEEEC00EF0515 /* teamcity_messages.cpp */; };
		1F28447E15E6F96400120D64 /* Base.UnitTest.Lib.cpp in Sources */ = {isa = PBXBuildFile; fileRef = 52743DC615053D620062A339 /* Base.UnitTest.Lib.cpp */; };
		1F28448015E6F96400120D64 /* libboost-d-1_55.a in Frameworks */ = {isa = PBXBuildFile; fileRef = 10EE19B615DC2CE700C77EF8 /* libboost-d-1_55.a */; };
		1F8D261412DCEEEC00EF0515 /* teamcity_boost.cpp in Sources */ = {isa = PBXBuildFile; fileRef = 1F8D261212DCEEEC00EF0515 /* teamcity_boost.cpp */; };
		1F8D261512DCEEEC00EF0515 /* teamcity_messages.cpp in Sources */ = {isa = PBXBuildFile; fileRef = 1F8D261312DCEEEC00EF0515 /* teamcity_messages.cpp */; };
		1F8D261A12DCEF1500EF0515 /* ErrorLogsFixture.h in Headers */ = {isa = PBXBuildFile; fileRef = 1F8D261712DCEF1500EF0515 /* ErrorLogsFixture.h */; };
		1F8D261B12DCEF1500EF0515 /* test_tools.h in Headers */ = {isa = PBXBuildFile; fileRef = 1F8D261812DCEF1500EF0515 /* test_tools.h */; };
		1F8D261C12DCEF1500EF0515 /* TimeoutFixture.h in Headers */ = {isa = PBXBuildFile; fileRef = 1F8D261912DCEF1500EF0515 /* TimeoutFixture.h */; };
		1F8D261E12DCEF2500EF0515 /* teamcity_messages.h in Headers */ = {isa = PBXBuildFile; fileRef = 1F8D261D12DCEF2500EF0515 /* teamcity_messages.h */; };
		52743DC515053D570062A339 /* Base.UnitTest.Lib.h in Headers */ = {isa = PBXBuildFile; fileRef = 52743DC415053D570062A339 /* Base.UnitTest.Lib.h */; };
		52743DC715053D620062A339 /* Base.UnitTest.Lib.cpp in Sources */ = {isa = PBXBuildFile; fileRef = 52743DC615053D620062A339 /* Base.UnitTest.Lib.cpp */; };
		9FA5E957167A8D5B0040EE8C /* ScopedFastFlagSetting.h in Headers */ = {isa = PBXBuildFile; fileRef = 9FA5E956167A8D5B0040EE8C /* ScopedFastFlagSetting.h */; };
/* End PBXBuildFile section */

/* Begin PBXContainerItemProxy section */
		10EE19B315DC2CE700C77EF8 /* PBXContainerItemProxy */ = {
			isa = PBXContainerItemProxy;
			containerPortal = 10EE19AE15DC2CE700C77EF8 /* boost.xcodeproj */;
			proxyType = 2;
			remoteGlobalIDString = D2AAC09D05546B4700DB518D;
			remoteInfo = boost;
		};
		10EE19B515DC2CE700C77EF8 /* PBXContainerItemProxy */ = {
			isa = PBXContainerItemProxy;
			containerPortal = 10EE19AE15DC2CE700C77EF8 /* boost.xcodeproj */;
			proxyType = 2;
			remoteGlobalIDString = E79762DF12886ADD00CE6714;
			remoteInfo = boost_static;
		};
		10EE19C215DC2D4400C77EF8 /* PBXContainerItemProxy */ = {
			isa = PBXContainerItemProxy;
			containerPortal = 10EE19AE15DC2CE700C77EF8 /* boost.xcodeproj */;
			proxyType = 1;
			remoteGlobalIDString = E79762DE12886ADD00CE6714;
			remoteInfo = boost_static;
		};
		1F28447415E6F96400120D64 /* PBXContainerItemProxy */ = {
			isa = PBXContainerItemProxy;
			containerPortal = 10EE19AE15DC2CE700C77EF8 /* boost.xcodeproj */;
			proxyType = 1;
			remoteGlobalIDString = E79762DE12886ADD00CE6714;
			remoteInfo = boost_static;
		};
		1F97D9E315EC086700993FF3 /* PBXContainerItemProxy */ = {
			isa = PBXContainerItemProxy;
			containerPortal = 10EE19AE15DC2CE700C77EF8 /* boost.xcodeproj */;
			proxyType = 2;
			remoteGlobalIDString = 106B8D7D15E7217400C1FF6B;
			remoteInfo = "Boost static iOS";
		};
/* End PBXContainerItemProxy section */

/* Begin PBXFileReference section */
		10EE19AE15DC2CE700C77EF8 /* boost.xcodeproj */ = {isa = PBXFileReference; lastKnownFileType = "wrapper.pb-project"; name = boost.xcodeproj; path = ../boostlibs/boost.xcodeproj; sourceTree = SOURCE_ROOT; };
		1F28448415E6F96400120D64 /* libBase.UnitTest.iOS.a */ = {isa = PBXFileReference; explicitFileType = archive.ar; includeInIndex = 0; path = libBase.UnitTest.iOS.a; sourceTree = BUILT_PRODUCTS_DIR; };
		1F8D261212DCEEEC00EF0515 /* teamcity_boost.cpp */ = {isa = PBXFileReference; fileEncoding = 4; lastKnownFileType = sourcecode.cpp.cpp; path = teamcity_boost.cpp; sourceTree = "<group>"; };
		1F8D261312DCEEEC00EF0515 /* teamcity_messages.cpp */ = {isa = PBXFileReference; fileEncoding = 4; lastKnownFileType = sourcecode.cpp.cpp; path = teamcity_messages.cpp; sourceTree = "<group>"; };
		1F8D261712DCEF1500EF0515 /* ErrorLogsFixture.h */ = {isa = PBXFileReference; fileEncoding = 4; lastKnownFileType = sourcecode.c.h; name = ErrorLogsFixture.h; path = include/rbx/test/ErrorLogsFixture.h; sourceTree = "<group>"; };
		1F8D261812DCEF1500EF0515 /* test_tools.h */ = {isa = PBXFileReference; fileEncoding = 4; lastKnownFileType = sourcecode.c.h; name = test_tools.h; path = include/rbx/test/test_tools.h; sourceTree = "<group>"; };
		1F8D261912DCEF1500EF0515 /* TimeoutFixture.h */ = {isa = PBXFileReference; fileEncoding = 4; lastKnownFileType = sourcecode.c.h; name = TimeoutFixture.h; path = include/rbx/test/TimeoutFixture.h; sourceTree = "<group>"; };
		1F8D261D12DCEF2500EF0515 /* teamcity_messages.h */ = {isa = PBXFileReference; fileEncoding = 4; lastKnownFileType = sourcecode.c.h; name = teamcity_messages.h; path = include/JetBrains/teamcity_messages.h; sourceTree = "<group>"; };
		52743DC415053D570062A339 /* Base.UnitTest.Lib.h */ = {isa = PBXFileReference; fileEncoding = 4; lastKnownFileType = sourcecode.c.h; name = Base.UnitTest.Lib.h; path = include/rbx/test/Base.UnitTest.Lib.h; sourceTree = "<group>"; };
		52743DC615053D620062A339 /* Base.UnitTest.Lib.cpp */ = {isa = PBXFileReference; fileEncoding = 4; lastKnownFileType = sourcecode.cpp.cpp; path = Base.UnitTest.Lib.cpp; sourceTree = "<group>"; };
		9FA5E956167A8D5B0040EE8C /* ScopedFastFlagSetting.h */ = {isa = PBXFileReference; fileEncoding = 4; lastKnownFileType = sourcecode.c.h; name = ScopedFastFlagSetting.h; path = include/rbx/test/ScopedFastFlagSetting.h; sourceTree = "<group>"; };
		D2AAC046055464E500DB518D /* libBase.UnitTest.Lib.a */ = {isa = PBXFileReference; explicitFileType = archive.ar; includeInIndex = 0; path = libBase.UnitTest.Lib.a; sourceTree = BUILT_PRODUCTS_DIR; };
/* End PBXFileReference section */

/* Begin PBXFrameworksBuildPhase section */
		1F28447F15E6F96400120D64 /* Frameworks */ = {
			isa = PBXFrameworksBuildPhase;
			buildActionMask = 2147483647;
			files = (
				1F28448015E6F96400120D64 /* libboost-d-1_55.a in Frameworks */,
			);
			runOnlyForDeploymentPostprocessing = 0;
		};
		D289987405E68DCB004EDB86 /* Frameworks */ = {
			isa = PBXFrameworksBuildPhase;
			buildActionMask = 2147483647;
			files = (
				10EE19B715DC2CEF00C77EF8 /* libboost-d-1_55.a in Frameworks */,
			);
			runOnlyForDeploymentPostprocessing = 0;
		};
/* End PBXFrameworksBuildPhase section */

/* Begin PBXGroup section */
		08FB7794FE84155DC02AAC07 /* Base.UnitTest.Lib */ = {
			isa = PBXGroup;
			children = (
				10EE19AE15DC2CE700C77EF8 /* boost.xcodeproj */,
				1F8D261612DCEEF300EF0515 /* Header */,
				08FB7795FE84155DC02AAC07 /* Source */,
				C6A0FF2B0290797F04C91782 /* Documentation */,
				1AB674ADFE9D54B511CA2CBB /* Products */,
			);
			name = Base.UnitTest.Lib;
			sourceTree = "<group>";
		};
		08FB7795FE84155DC02AAC07 /* Source */ = {
			isa = PBXGroup;
			children = (
				52743DC615053D620062A339 /* Base.UnitTest.Lib.cpp */,
				1F8D261212DCEEEC00EF0515 /* teamcity_boost.cpp */,
				1F8D261312DCEEEC00EF0515 /* teamcity_messages.cpp */,
			);
			name = Source;
			sourceTree = "<group>";
		};
		10EE19AF15DC2CE700C77EF8 /* Products */ = {
			isa = PBXGroup;
			children = (
				10EE19B415DC2CE700C77EF8 /* Boost_1_55.dylib */,
				10EE19B615DC2CE700C77EF8 /* libboost-d-1_55.a */,
				1F97D9E415EC086700993FF3 /* libBoost static iOS.a */,
			);
			name = Products;
			sourceTree = "<group>";
		};
		1AB674ADFE9D54B511CA2CBB /* Products */ = {
			isa = PBXGroup;
			children = (
				D2AAC046055464E500DB518D /* libBase.UnitTest.Lib.a */,
				1F28448415E6F96400120D64 /* libBase.UnitTest.iOS.a */,
			);
			name = Products;
			sourceTree = "<group>";
		};
		1F8D261612DCEEF300EF0515 /* Header */ = {
			isa = PBXGroup;
			children = (
				9FA5E956167A8D5B0040EE8C /* ScopedFastFlagSetting.h */,
				52743DC415053D570062A339 /* Base.UnitTest.Lib.h */,
				1F8D261D12DCEF2500EF0515 /* teamcity_messages.h */,
				1F8D261712DCEF1500EF0515 /* ErrorLogsFixture.h */,
				1F8D261812DCEF1500EF0515 /* test_tools.h */,
				1F8D261912DCEF1500EF0515 /* TimeoutFixture.h */,
			);
			name = Header;
			sourceTree = "<group>";
		};
		C6A0FF2B0290797F04C91782 /* Documentation */ = {
			isa = PBXGroup;
			children = (
			);
			name = Documentation;
			sourceTree = "<group>";
		};
/* End PBXGroup section */

/* Begin PBXHeadersBuildPhase section */
		1F28447515E6F96400120D64 /* Headers */ = {
			isa = PBXHeadersBuildPhase;
			buildActionMask = 2147483647;
			files = (
				1F28447615E6F96400120D64 /* ErrorLogsFixture.h in Headers */,
				1F28447715E6F96400120D64 /* test_tools.h in Headers */,
				1F28447815E6F96400120D64 /* TimeoutFixture.h in Headers */,
				1F28447915E6F96400120D64 /* teamcity_messages.h in Headers */,
				1F28447A15E6F96400120D64 /* Base.UnitTest.Lib.h in Headers */,
			);
			runOnlyForDeploymentPostprocessing = 0;
		};
		D2AAC043055464E500DB518D /* Headers */ = {
			isa = PBXHeadersBuildPhase;
			buildActionMask = 2147483647;
			files = (
				1F8D261A12DCEF1500EF0515 /* ErrorLogsFixture.h in Headers */,
				1F8D261B12DCEF1500EF0515 /* test_tools.h in Headers */,
				1F8D261C12DCEF1500EF0515 /* TimeoutFixture.h in Headers */,
				1F8D261E12DCEF2500EF0515 /* teamcity_messages.h in Headers */,
				52743DC515053D570062A339 /* Base.UnitTest.Lib.h in Headers */,
				9FA5E957167A8D5B0040EE8C /* ScopedFastFlagSetting.h in Headers */,
			);
			runOnlyForDeploymentPostprocessing = 0;
		};
/* End PBXHeadersBuildPhase section */

/* Begin PBXNativeTarget section */
		1F28447215E6F96400120D64 /* Base.UnitTest.iOS */ = {
			isa = PBXNativeTarget;
			buildConfigurationList = 1F28448115E6F96400120D64 /* Build configuration list for PBXNativeTarget "Base.UnitTest.iOS" */;
			buildPhases = (
				1F28447515E6F96400120D64 /* Headers */,
				1F28447B15E6F96400120D64 /* Sources */,
				1F28447F15E6F96400120D64 /* Frameworks */,
			);
			buildRules = (
			);
			dependencies = (
				1F28447315E6F96400120D64 /* PBXTargetDependency */,
			);
			name = Base.UnitTest.iOS;
			productName = Base.UnitTest.Lib;
			productReference = 1F28448415E6F96400120D64 /* libBase.UnitTest.iOS.a */;
			productType = "com.apple.product-type.library.static";
		};
		D2AAC045055464E500DB518D /* Base.UnitTest.Lib */ = {
			isa = PBXNativeTarget;
			buildConfigurationList = 1DEB91EB08733DB70010E9CD /* Build configuration list for PBXNativeTarget "Base.UnitTest.Lib" */;
			buildPhases = (
				D2AAC043055464E500DB518D /* Headers */,
				D2AAC044055464E500DB518D /* Sources */,
				D289987405E68DCB004EDB86 /* Frameworks */,
			);
			buildRules = (
			);
			dependencies = (
				10EE19C315DC2D4400C77EF8 /* PBXTargetDependency */,
			);
			name = Base.UnitTest.Lib;
			productName = Base.UnitTest.Lib;
			productReference = D2AAC046055464E500DB518D /* libBase.UnitTest.Lib.a */;
			productType = "com.apple.product-type.library.static";
		};
/* End PBXNativeTarget section */

/* Begin PBXProject section */
		08FB7793FE84155DC02AAC07 /* Project object */ = {
			isa = PBXProject;
			attributes = {
			};
			buildConfigurationList = 1DEB91EF08733DB70010E9CD /* Build configuration list for PBXProject "Base.UnitTest.Lib" */;
			compatibilityVersion = "Xcode 3.2";
			developmentRegion = English;
			hasScannedForEncodings = 1;
			knownRegions = (
				English,
				Japanese,
				French,
				German,
			);
			mainGroup = 08FB7794FE84155DC02AAC07 /* Base.UnitTest.Lib */;
			projectDirPath = "";
			projectReferences = (
				{
					ProductGroup = 10EE19AF15DC2CE700C77EF8 /* Products */;
					ProjectRef = 10EE19AE15DC2CE700C77EF8 /* boost.xcodeproj */;
				},
			);
			projectRoot = "";
			targets = (
				D2AAC045055464E500DB518D /* Base.UnitTest.Lib */,
				1F28447215E6F96400120D64 /* Base.UnitTest.iOS */,
			);
		};
/* End PBXProject section */

/* Begin PBXReferenceProxy section */
		10EE19B415DC2CE700C77EF8 /* Boost_1_55.dylib */ = {
			isa = PBXReferenceProxy;
			fileType = "compiled.mach-o.dylib";
			path = Boost_1_55.dylib;
			remoteRef = 10EE19B315DC2CE700C77EF8 /* PBXContainerItemProxy */;
			sourceTree = BUILT_PRODUCTS_DIR;
		};
		10EE19B615DC2CE700C77EF8 /* libboost-d-1_55.a */ = {
			isa = PBXReferenceProxy;
			fileType = archive.ar;
			path = "libboost-d-1_55.a";
			remoteRef = 10EE19B515DC2CE700C77EF8 /* PBXContainerItemProxy */;
			sourceTree = BUILT_PRODUCTS_DIR;
		};
		1F97D9E415EC086700993FF3 /* libBoost static iOS.a */ = {
			isa = PBXReferenceProxy;
			fileType = archive.ar;
			path = "libBoost static iOS.a";
			remoteRef = 1F97D9E315EC086700993FF3 /* PBXContainerItemProxy */;
			sourceTree = BUILT_PRODUCTS_DIR;
		};
/* End PBXReferenceProxy section */

/* Begin PBXSourcesBuildPhase section */
		1F28447B15E6F96400120D64 /* Sources */ = {
			isa = PBXSourcesBuildPhase;
			buildActionMask = 2147483647;
			files = (
				1F28447C15E6F96400120D64 /* teamcity_boost.cpp in Sources */,
				1F28447D15E6F96400120D64 /* teamcity_messages.cpp in Sources */,
				1F28447E15E6F96400120D64 /* Base.UnitTest.Lib.cpp in Sources */,
			);
			runOnlyForDeploymentPostprocessing = 0;
		};
		D2AAC044055464E500DB518D /* Sources */ = {
			isa = PBXSourcesBuildPhase;
			buildActionMask = 2147483647;
			files = (
				1F8D261412DCEEEC00EF0515 /* teamcity_boost.cpp in Sources */,
				1F8D261512DCEEEC00EF0515 /* teamcity_messages.cpp in Sources */,
				52743DC715053D620062A339 /* Base.UnitTest.Lib.cpp in Sources */,
			);
			runOnlyForDeploymentPostprocessing = 0;
		};
/* End PBXSourcesBuildPhase section */

/* Begin PBXTargetDependency section */
		10EE19C315DC2D4400C77EF8 /* PBXTargetDependency */ = {
			isa = PBXTargetDependency;
			name = boost_static;
			targetProxy = 10EE19C215DC2D4400C77EF8 /* PBXContainerItemProxy */;
		};
		1F28447315E6F96400120D64 /* PBXTargetDependency */ = {
			isa = PBXTargetDependency;
			name = boost_static;
			targetProxy = 1F28447415E6F96400120D64 /* PBXContainerItemProxy */;
		};
/* End PBXTargetDependency section */

/* Begin XCBuildConfiguration section */
		1DEB91EC08733DB70010E9CD /* Debug */ = {
			isa = XCBuildConfiguration;
			buildSettings = {
				ALWAYS_SEARCH_USER_PATHS = NO;
				COPY_PHASE_STRIP = NO;
				GCC_DYNAMIC_NO_PIC = NO;
				GCC_ENABLE_FIX_AND_CONTINUE = YES;
				GCC_MODEL_TUNING = G5;
				GCC_OPTIMIZATION_LEVEL = 0;
				GCC_VERSION = "";
				HEADER_SEARCH_PATHS = (
					"$(CONTRIB_PATH)/boost_1_55_0/include",
					../Base/include,
					../Log/include,
					./include,
				);
				INSTALL_PATH = /usr/local/lib;
				PRODUCT_NAME = Base.UnitTest.Lib;
				SDKROOT = macosx;
			};
			name = Debug;
		};
		1DEB91ED08733DB70010E9CD /* Release */ = {
			isa = XCBuildConfiguration;
			buildSettings = {
				ALWAYS_SEARCH_USER_PATHS = NO;
				DEBUG_INFORMATION_FORMAT = "dwarf-with-dsym";
				GCC_MODEL_TUNING = G5;
				GCC_VERSION = "";
				HEADER_SEARCH_PATHS = (
					"$(CONTRIB_PATH)/boost_1_55_0/include",
					../Base/include,
					../Log/include,
					./include,
				);
				INSTALL_PATH = /usr/local/lib;
				PRODUCT_NAME = Base.UnitTest.Lib;
				SDKROOT = macosx;
			};
			name = Release;
		};
		1DEB91F008733DB70010E9CD /* Debug */ = {
			isa = XCBuildConfiguration;
			buildSettings = {
				ARCHS = i386;
				GCC_C_LANGUAGE_STANDARD = gnu99;
				GCC_INLINES_ARE_PRIVATE_EXTERN = YES;
				GCC_OPTIMIZATION_LEVEL = 0;
				GCC_PREPROCESSOR_DEFINITIONS = "_DEBUG=1";
				GCC_SYMBOLS_PRIVATE_EXTERN = YES;
				GCC_TREAT_WARNINGS_AS_ERRORS = YES;
				GCC_VERSION = 4.2;
				GCC_WARN_ABOUT_RETURN_TYPE = YES;
				GCC_WARN_UNUSED_VARIABLE = YES;
				MACOSX_DEPLOYMENT_TARGET = 10.6;
				ONLY_ACTIVE_ARCH = YES;
				PREBINDING = NO;
				SDKROOT = macosx10.8;
				VALID_ARCHS = i386;
			};
			name = Debug;
		};
		1DEB91F108733DB70010E9CD /* Release */ = {
			isa = XCBuildConfiguration;
			buildSettings = {
				ARCHS = i386;
				GCC_C_LANGUAGE_STANDARD = gnu99;
				GCC_INLINES_ARE_PRIVATE_EXTERN = YES;
				GCC_PREPROCESSOR_DEFINITIONS = "NDEBUG=1";
				GCC_SYMBOLS_PRIVATE_EXTERN = YES;
				GCC_TREAT_WARNINGS_AS_ERRORS = YES;
				GCC_VERSION = 4.2;
				GCC_WARN_ABOUT_RETURN_TYPE = YES;
				GCC_WARN_UNUSED_VARIABLE = YES;
				MACOSX_DEPLOYMENT_TARGET = 10.6;
				ONLY_ACTIVE_ARCH = YES;
				PREBINDING = NO;
				SDKROOT = macosx10.8;
				VALID_ARCHS = i386;
			};
			name = Release;
		};
		1F28448215E6F96400120D64 /* Debug */ = {
			isa = XCBuildConfiguration;
			buildSettings = {
				ALWAYS_SEARCH_USER_PATHS = NO;
				ARCHS = (
					armv7,
					armv6,
				);
				COPY_PHASE_STRIP = NO;
				GCC_DYNAMIC_NO_PIC = NO;
				GCC_ENABLE_FIX_AND_CONTINUE = YES;
				GCC_MODEL_TUNING = G5;
				GCC_OPTIMIZATION_LEVEL = 0;
				GCC_PREPROCESSOR_DEFINITIONS = (
					"$(inherited)",
					RBX_PLATFORM_IOS,
				);
				GCC_VERSION = com.apple.compilers.llvmgcc42;
				HEADER_SEARCH_PATHS = (
					"$(CONTRIB_PATH)/boost_1_55_0/include",
					../Base/include,
					../Log/include,
					./include,
				);
				INSTALL_PATH = /usr/local/lib;
				IPHONEOS_DEPLOYMENT_TARGET = 4.0;
				PRODUCT_NAME = Base.UnitTest.iOS;
				SDKROOT = iphoneos;
				SUPPORTED_PLATFORMS = "iphonesimulator iphoneos";
				VALID_ARCHS = "armv6 armv7";
			};
			name = Debug;
		};
		1F28448315E6F96400120D64 /* Release */ = {
			isa = XCBuildConfiguration;
			buildSettings = {
				ALWAYS_SEARCH_USER_PATHS = NO;
				ARCHS = (
					armv7,
					armv6,
				);
				DEBUG_INFORMATION_FORMAT = "dwarf-with-dsym";
				GCC_MODEL_TUNING = G5;
				GCC_PREPROCESSOR_DEFINITIONS = (
					"$(inherited)",
					RBX_PLATFORM_IOS,
				);
				GCC_VERSION = com.apple.compilers.llvmgcc42;
				HEADER_SEARCH_PATHS = (
					"$(CONTRIB_PATH)/boost_1_55_0/include",
					../Base/include,
					../Log/include,
					./include,
				);
				INSTALL_PATH = /usr/local/lib;
				IPHONEOS_DEPLOYMENT_TARGET = 4.0;
				PRODUCT_NAME = Base.UnitTest.iOS;
				SDKROOT = iphoneos;
				SUPPORTED_PLATFORMS = "iphonesimulator iphoneos";
				VALID_ARCHS = "armv6 armv7";
			};
			name = Release;
		};
		D0D04FC91C75F2A900CDE19D /* NoOpt */ = {
			isa = XCBuildConfiguration;
			buildSettings = {
				ARCHS = i386;
				GCC_C_LANGUAGE_STANDARD = gnu99;
				GCC_INLINES_ARE_PRIVATE_EXTERN = YES;
				GCC_OPTIMIZATION_LEVEL = 0;
				GCC_PREPROCESSOR_DEFINITIONS = (
					"NDEBUG=1",
					"_NOOPT=1",
				);
				GCC_SYMBOLS_PRIVATE_EXTERN = YES;
				GCC_TREAT_WARNINGS_AS_ERRORS = YES;
				GCC_VERSION = 4.2;
				GCC_WARN_ABOUT_RETURN_TYPE = YES;
				GCC_WARN_UNUSED_VARIABLE = YES;
				MACOSX_DEPLOYMENT_TARGET = 10.6;
				ONLY_ACTIVE_ARCH = YES;
				PREBINDING = NO;
				SDKROOT = macosx10.8;
				VALID_ARCHS = i386;
			};
			name = NoOpt;
		};
		D0D04FCA1C75F2A900CDE19D /* NoOpt */ = {
			isa = XCBuildConfiguration;
			buildSettings = {
				ALWAYS_SEARCH_USER_PATHS = NO;
				DEBUG_INFORMATION_FORMAT = "dwarf-with-dsym";
				GCC_MODEL_TUNING = G5;
				GCC_VERSION = "";
				HEADER_SEARCH_PATHS = (
					"$(CONTRIB_PATH)/boost_1_55_0/include",
					../Base/include,
					../Log/include,
					./include,
				);
				INSTALL_PATH = /usr/local/lib;
				PRODUCT_NAME = Base.UnitTest.Lib;
				SDKROOT = macosx;
			};
			name = NoOpt;
		};
		D0D04FCB1C75F2A900CDE19D /* NoOpt */ = {
			isa = XCBuildConfiguration;
			buildSettings = {
				ALWAYS_SEARCH_USER_PATHS = NO;
				ARCHS = (
					armv7,
					armv6,
				);
				DEBUG_INFORMATION_FORMAT = "dwarf-with-dsym";
				GCC_MODEL_TUNING = G5;
				GCC_PREPROCESSOR_DEFINITIONS = (
					"$(inherited)",
					RBX_PLATFORM_IOS,
				);
				GCC_VERSION = com.apple.compilers.llvmgcc42;
				HEADER_SEARCH_PATHS = (
					"$(CONTRIB_PATH)/boost_1_55_0/include",
					../Base/include,
					../Log/include,
					./include,
				);
				INSTALL_PATH = /usr/local/lib;
				IPHONEOS_DEPLOYMENT_TARGET = 4.0;
				PRODUCT_NAME = Base.UnitTest.iOS;
				SDKROOT = iphoneos;
				SUPPORTED_PLATFORMS = "iphonesimulator iphoneos";
				VALID_ARCHS = "armv6 armv7";
			};
			name = NoOpt;
		};
/* End XCBuildConfiguration section */

/* Begin XCConfigurationList section */
		1DEB91EB08733DB70010E9CD /* Build configuration list for PBXNativeTarget "Base.UnitTest.Lib" */ = {
			isa = XCConfigurationList;
			buildConfigurations = (
				1DEB91EC08733DB70010E9CD /* Debug */,
				1DEB91ED08733DB70010E9CD /* Release */,
				D0D04FCA1C75F2A900CDE19D /* NoOpt */,
			);
			defaultConfigurationIsVisible = 0;
			defaultConfigurationName = Release;
		};
		1DEB91EF08733DB70010E9CD /* Build configuration list for PBXProject "Base.UnitTest.Lib" */ = {
			isa = XCConfigurationList;
			buildConfigurations = (
				1DEB91F008733DB70010E9CD /* Debug */,
				1DEB91F108733DB70010E9CD /* Release */,
				D0D04FC91C75F2A900CDE19D /* NoOpt */,
			);
			defaultConfigurationIsVisible = 0;
			defaultConfigurationName = Release;
		};
		1F28448115E6F96400120D64 /* Build configuration list for PBXNativeTarget "Base.UnitTest.iOS" */ = {
			isa = XCConfigurationList;
			buildConfigurations = (
				1F28448215E6F96400120D64 /* Debug */,
				1F28448315E6F96400120D64 /* Release */,
				D0D04FCB1C75F2A900CDE19D /* NoOpt */,
			);
			defaultConfigurationIsVisible = 0;
			defaultConfigurationName = Release;
		};
/* End XCConfigurationList section */
	};
	rootObject = 08FB7793FE84155DC02AAC07 /* Project object */;
}
