<?xml version="1.0" encoding="utf-8"?>
<Project ToolsVersion="4.0" xmlns="http://schemas.microsoft.com/developer/msbuild/2003">
  <ItemGroup>
    <Filter Include="Source Files">
      <UniqueIdentifier>{1d51b3f2-e45c-49fe-8286-122a00096ffe}</UniqueIdentifier>
      <Extensions>cpp;c;cxx;rc;def;r;odl;idl;hpj;bat</Extensions>
    </Filter>
    <Filter Include="Header Files">
      <UniqueIdentifier>{4ab6830b-7ded-4a66-a3a5-aad52ff4d818}</UniqueIdentifier>
      <Extensions>h;hpp;hxx;hm;inl</Extensions>
    </Filter>
    <Filter Include="IJG">
      <UniqueIdentifier>{871f5075-d08c-41ee-a031-015c3f4985a1}</UniqueIdentifier>
    </Filter>
    <Filter Include="png">
      <UniqueIdentifier>{5cbd029d-ad0a-44f4-976a-22d157477f40}</UniqueIdentifier>
    </Filter>
  </ItemGroup>
  <ItemGroup>
    <ClCompile Include="G3Dcpp\AABox.cpp">
      <Filter>Source Files</Filter>
    </ClCompile>
    <ClCompile Include="G3Dcpp\Box.cpp">
      <Filter>Source Files</Filter>
    </ClCompile>
    <ClCompile Include="G3Dcpp\Capsule.cpp">
      <Filter>Source Files</Filter>
    </ClCompile>
    <ClCompile Include="G3Dcpp\CollisionDetection.cpp">
      <Filter>Source Files</Filter>
    </ClCompile>
    <ClCompile Include="G3Dcpp\Color3.cpp">
      <Filter>Source Files</Filter>
    </ClCompile>
    <ClCompile Include="G3Dcpp\Color3uint8.cpp">
      <Filter>Source Files</Filter>
    </ClCompile>
    <ClCompile Include="G3Dcpp\Color4.cpp">
      <Filter>Source Files</Filter>
    </ClCompile>
    <ClCompile Include="G3Dcpp\Color4uint8.cpp">
      <Filter>Source Files</Filter>
    </ClCompile>
    <ClCompile Include="G3Dcpp\CoordinateFrame.cpp">
      <Filter>Source Files</Filter>
    </ClCompile>
    <ClCompile Include="g3dcpp\Cylinder.cpp">
      <Filter>Source Files</Filter>
    </ClCompile>
    <ClCompile Include="G3Dcpp\debugAssert.cpp">
      <Filter>Source Files</Filter>
    </ClCompile>
    <ClCompile Include="G3Dcpp\fileutils.cpp">
      <Filter>Source Files</Filter>
    </ClCompile>
    <ClCompile Include="G3Dcpp\format.cpp">
      <Filter>Source Files</Filter>
    </ClCompile>
    <ClCompile Include="g3dcpp\g3dfnmatch.cpp">
      <Filter>Source Files</Filter>
    </ClCompile>
    <ClCompile Include="G3Dcpp\g3dmath.cpp">
      <Filter>Source Files</Filter>
    </ClCompile>
    <ClCompile Include="G3Dcpp\GCamera.cpp">
      <Filter>Source Files</Filter>
    </ClCompile>
    <ClCompile Include="G3Dcpp\GImage.cpp">
      <Filter>Source Files</Filter>
    </ClCompile>
    <ClCompile Include="g3dcpp\GImage_bayer.cpp">
      <Filter>Source Files</Filter>
    </ClCompile>
    <ClCompile Include="g3dcpp\GImage_bmp.cpp">
      <Filter>Source Files</Filter>
    </ClCompile>
    <ClCompile Include="g3dcpp\GImage_jpeg.cpp">
      <Filter>Source Files</Filter>
    </ClCompile>
    <ClCompile Include="g3dcpp\GImage_png.cpp">
      <Filter>Source Files</Filter>
    </ClCompile>
    <ClCompile Include="g3dcpp\GImage_tga.cpp">
      <Filter>Source Files</Filter>
    </ClCompile>
    <ClCompile Include="G3Dcpp\GLight.cpp">
      <Filter>Source Files</Filter>
    </ClCompile>
    <ClCompile Include="g3dcpp\LightingParameters.cpp">
      <Filter>Source Files</Filter>
    </ClCompile>
    <ClCompile Include="G3Dcpp\Line.cpp">
      <Filter>Source Files</Filter>
    </ClCompile>
    <ClCompile Include="G3Dcpp\LineSegment.cpp">
      <Filter>Source Files</Filter>
    </ClCompile>
    <ClCompile Include="G3Dcpp\Matrix3.cpp">
      <Filter>Source Files</Filter>
    </ClCompile>
    <ClCompile Include="G3Dcpp\Matrix4.cpp">
      <Filter>Source Files</Filter>
    </ClCompile>
    <ClCompile Include="g3dcpp\MemoryManager.cpp">
      <Filter>Source Files</Filter>
    </ClCompile>
    <ClCompile Include="G3Dcpp\Plane.cpp">
      <Filter>Source Files</Filter>
    </ClCompile>
    <ClCompile Include="G3Dcpp\Quat.cpp">
      <Filter>Source Files</Filter>
    </ClCompile>
    <ClCompile Include="g3dcpp\Random.cpp">
      <Filter>Source Files</Filter>
    </ClCompile>
    <ClCompile Include="G3Dcpp\Ray.cpp">
      <Filter>Source Files</Filter>
    </ClCompile>
    <ClCompile Include="G3Dcpp\Sphere.cpp">
      <Filter>Source Files</Filter>
    </ClCompile>
    <ClCompile Include="G3Dcpp\stringutils.cpp">
      <Filter>Source Files</Filter>
    </ClCompile>
    <ClCompile Include="G3Dcpp\System.cpp">
      <Filter>Source Files</Filter>
    </ClCompile>
    <ClCompile Include="G3Dcpp\Triangle.cpp">
      <Filter>Source Files</Filter>
    </ClCompile>
    <ClCompile Include="g3dcpp\uint128.cpp">
      <Filter>Source Files</Filter>
    </ClCompile>
    <ClCompile Include="g3dcpp\UprightFrame.cpp">
      <Filter>Source Files</Filter>
    </ClCompile>
    <ClCompile Include="G3Dcpp\Vector2.cpp">
      <Filter>Source Files</Filter>
    </ClCompile>
    <ClCompile Include="G3Dcpp\Vector2int16.cpp">
      <Filter>Source Files</Filter>
    </ClCompile>
    <ClCompile Include="G3Dcpp\Vector3.cpp">
      <Filter>Source Files</Filter>
    </ClCompile>
    <ClCompile Include="G3Dcpp\Vector3int16.cpp">
      <Filter>Source Files</Filter>
    </ClCompile>
    <ClCompile Include="G3Dcpp\Vector4.cpp">
      <Filter>Source Files</Filter>
    </ClCompile>
    <ClCompile Include="png\png.c">
      <Filter>png</Filter>
    </ClCompile>
    <ClCompile Include="png\pngerror.c">
      <Filter>png</Filter>
    </ClCompile>
    <ClCompile Include="png\pnggccrd.c">
      <Filter>png</Filter>
    </ClCompile>
    <ClCompile Include="png\pngget.c">
      <Filter>png</Filter>
    </ClCompile>
    <ClCompile Include="png\pngmem.c">
      <Filter>png</Filter>
    </ClCompile>
    <ClCompile Include="png\pngpread.c">
      <Filter>png</Filter>
    </ClCompile>
    <ClCompile Include="png\pngread.c">
      <Filter>png</Filter>
    </ClCompile>
    <ClCompile Include="png\pngrio.c">
      <Filter>png</Filter>
    </ClCompile>
    <ClCompile Include="png\pngrtran.c">
      <Filter>png</Filter>
    </ClCompile>
    <ClCompile Include="png\pngrutil.c">
      <Filter>png</Filter>
    </ClCompile>
    <ClCompile Include="png\pngset.c">
      <Filter>png</Filter>
    </ClCompile>
    <ClCompile Include="png\pngtrans.c">
      <Filter>png</Filter>
    </ClCompile>
    <ClCompile Include="png\pngvcrd.c">
      <Filter>png</Filter>
    </ClCompile>
    <ClCompile Include="png\pngwio.c">
      <Filter>png</Filter>
    </ClCompile>
    <ClCompile Include="png\pngwrite.c">
      <Filter>png</Filter>
    </ClCompile>
    <ClCompile Include="png\pngwtran.c">
      <Filter>png</Filter>
    </ClCompile>
    <ClCompile Include="png\pngwutil.c">
      <Filter>png</Filter>
    </ClCompile>
    <ClCompile Include="ijg\jaricom.c">
      <Filter>IJG</Filter>
    </ClCompile>
    <ClCompile Include="ijg\jcapimin.c">
      <Filter>IJG</Filter>
    </ClCompile>
    <ClCompile Include="ijg\jcapistd.c">
      <Filter>IJG</Filter>
    </ClCompile>
    <ClCompile Include="ijg\jcarith.c">
      <Filter>IJG</Filter>
    </ClCompile>
    <ClCompile Include="ijg\jccoefct.c">
      <Filter>IJG</Filter>
    </ClCompile>
    <ClCompile Include="ijg\jccolor.c">
      <Filter>IJG</Filter>
    </ClCompile>
    <ClCompile Include="ijg\jcdctmgr.c">
      <Filter>IJG</Filter>
    </ClCompile>
    <ClCompile Include="ijg\jchuff.c">
      <Filter>IJG</Filter>
    </ClCompile>
    <ClCompile Include="ijg\jcinit.c">
      <Filter>IJG</Filter>
    </ClCompile>
    <ClCompile Include="ijg\jcmainct.c">
      <Filter>IJG</Filter>
    </ClCompile>
    <ClCompile Include="ijg\jcmarker.c">
      <Filter>IJG</Filter>
    </ClCompile>
    <ClCompile Include="ijg\jcmaster.c">
      <Filter>IJG</Filter>
    </ClCompile>
    <ClCompile Include="ijg\jcomapi.c">
      <Filter>IJG</Filter>
    </ClCompile>
    <ClCompile Include="ijg\jcparam.c">
      <Filter>IJG</Filter>
    </ClCompile>
    <ClCompile Include="ijg\jcprepct.c">
      <Filter>IJG</Filter>
    </ClCompile>
    <ClCompile Include="ijg\jcsample.c">
      <Filter>IJG</Filter>
    </ClCompile>
    <ClCompile Include="ijg\jctrans.c">
      <Filter>IJG</Filter>
    </ClCompile>
    <ClCompile Include="ijg\jdapimin.c">
      <Filter>IJG</Filter>
    </ClCompile>
    <ClCompile Include="ijg\jdapistd.c">
      <Filter>IJG</Filter>
    </ClCompile>
    <ClCompile Include="ijg\jdarith.c">
      <Filter>IJG</Filter>
    </ClCompile>
    <ClCompile Include="ijg\jdatadst.c">
      <Filter>IJG</Filter>
    </ClCompile>
    <ClCompile Include="ijg\jdatasrc.c">
      <Filter>IJG</Filter>
    </ClCompile>
    <ClCompile Include="ijg\jdcoefct.c">
      <Filter>IJG</Filter>
    </ClCompile>
    <ClCompile Include="ijg\jdcolor.c">
      <Filter>IJG</Filter>
    </ClCompile>
    <ClCompile Include="ijg\jddctmgr.c">
      <Filter>IJG</Filter>
    </ClCompile>
    <ClCompile Include="ijg\jdhuff.c">
      <Filter>IJG</Filter>
    </ClCompile>
    <ClCompile Include="ijg\jdinput.c">
      <Filter>IJG</Filter>
    </ClCompile>
    <ClCompile Include="ijg\jdmainct.c">
      <Filter>IJG</Filter>
    </ClCompile>
    <ClCompile Include="ijg\jdmarker.c">
      <Filter>IJG</Filter>
    </ClCompile>
    <ClCompile Include="ijg\jdmaster.c">
      <Filter>IJG</Filter>
    </ClCompile>
    <ClCompile Include="ijg\jdmerge.c">
      <Filter>IJG</Filter>
    </ClCompile>
    <ClCompile Include="ijg\jdpostct.c">
      <Filter>IJG</Filter>
    </ClCompile>
    <ClCompile Include="ijg\jdsample.c">
      <Filter>IJG</Filter>
    </ClCompile>
    <ClCompile Include="ijg\jdtrans.c">
      <Filter>IJG</Filter>
    </ClCompile>
    <ClCompile Include="ijg\jerror.c">
      <Filter>IJG</Filter>
    </ClCompile>
    <ClCompile Include="ijg\jfdctflt.c">
      <Filter>IJG</Filter>
    </ClCompile>
    <ClCompile Include="ijg\jfdctfst.c">
      <Filter>IJG</Filter>
    </ClCompile>
    <ClCompile Include="ijg\jfdctint.c">
      <Filter>IJG</Filter>
    </ClCompile>
    <ClCompile Include="ijg\jidctflt.c">
      <Filter>IJG</Filter>
    </ClCompile>
    <ClCompile Include="ijg\jidctfst.c">
      <Filter>IJG</Filter>
    </ClCompile>
    <ClCompile Include="ijg\jidctint.c">
      <Filter>IJG</Filter>
    </ClCompile>
    <ClCompile Include="ijg\jmemmgr.c">
      <Filter>IJG</Filter>
    </ClCompile>
    <ClCompile Include="ijg\jmemnobs.c">
      <Filter>IJG</Filter>
    </ClCompile>
    <ClCompile Include="ijg\jquant1.c">
      <Filter>IJG</Filter>
    </ClCompile>
    <ClCompile Include="ijg\jquant2.c">
      <Filter>IJG</Filter>
    </ClCompile>
    <ClCompile Include="ijg\jutils.c">
      <Filter>IJG</Filter>
    </ClCompile>
    <ClCompile Include="ijg\transupp.c">
      <Filter>IJG</Filter>
    </ClCompile>
    <ClCompile Include="g3dcpp\BinaryOutput.cpp">
      <Filter>Source Files</Filter>
    </ClCompile>
    <ClCompile Include="g3dcpp\BinaryInput.cpp">
      <Filter>Source Files</Filter>
    </ClCompile>
    <ClCompile Include="g3dcpp\PhysicsFrame.cpp">
      <Filter>Source Files</Filter>
    </ClCompile>
    <ClCompile Include="g3dcpp\Crypto.cpp">
      <Filter>Source Files</Filter>
    </ClCompile>
  </ItemGroup>
  <ItemGroup>
    <ClInclude Include="include\G3D\AABox.h">
      <Filter>Header Files</Filter>
    </ClInclude>
    <ClInclude Include="include\G3D\AABSPTree.h">
      <Filter>Header Files</Filter>
    </ClInclude>
    <ClInclude Include="include\G3D\Array.h">
      <Filter>Header Files</Filter>
    </ClInclude>
    <ClInclude Include="include\g3d\BoundsTrait.h">
      <Filter>Header Files</Filter>
    </ClInclude>
    <ClInclude Include="include\G3D\Box.h">
      <Filter>Header Files</Filter>
    </ClInclude>
    <ClInclude Include="include\g3d\BumpMapPreprocess.h">
      <Filter>Header Files</Filter>
    </ClInclude>
    <ClInclude Include="include\G3D\Capsule.h">
      <Filter>Header Files</Filter>
    </ClInclude>
    <ClInclude Include="include\G3D\CollisionDetection.h">
      <Filter>Header Files</Filter>
    </ClInclude>
    <ClInclude Include="include\g3d\Color1.h">
      <Filter>Header Files</Filter>
    </ClInclude>
    <ClInclude Include="include\g3d\Color1uint8.h">
      <Filter>Header Files</Filter>
    </ClInclude>
    <ClInclude Include="include\G3D\Color3.h">
      <Filter>Header Files</Filter>
    </ClInclude>
    <ClInclude Include="include\G3D\Color3uint8.h">
      <Filter>Header Files</Filter>
    </ClInclude>
    <ClInclude Include="include\G3D\Color4.h">
      <Filter>Header Files</Filter>
    </ClInclude>
    <ClInclude Include="include\G3D\Color4uint8.h">
      <Filter>Header Files</Filter>
    </ClInclude>
    <ClInclude Include="include\G3D\Cone.h">
      <Filter>Header Files</Filter>
    </ClInclude>
    <ClInclude Include="zip\config.h">
      <Filter>Header Files</Filter>
    </ClInclude>
    <ClInclude Include="include\g3d\constants.h">
      <Filter>Header Files</Filter>
    </ClInclude>
    <ClInclude Include="include\G3D\ConvexPolyhedron.h">
      <Filter>Header Files</Filter>
    </ClInclude>
    <ClInclude Include="include\G3D\CoordinateFrame.h">
      <Filter>Header Files</Filter>
    </ClInclude>
    <ClInclude Include="include\g3d\Cylinder.h">
      <Filter>Header Files</Filter>
    </ClInclude>
    <ClInclude Include="include\G3D\debug.h">
      <Filter>Header Files</Filter>
    </ClInclude>
    <ClInclude Include="include\G3D\debugAssert.h">
      <Filter>Header Files</Filter>
    </ClInclude>
    <ClInclude Include="include\G3D\debugPrintf.h">
      <Filter>Header Files</Filter>
    </ClInclude>
    <ClInclude Include="include\g3d\enumclass.h">
      <Filter>Header Files</Filter>
    </ClInclude>
    <ClInclude Include="include\g3d\EqualsTrait.h">
      <Filter>Header Files</Filter>
    </ClInclude>
    <ClInclude Include="include\G3D\fileutils.h">
      <Filter>Header Files</Filter>
    </ClInclude>
    <ClInclude Include="include\G3D\format.h">
      <Filter>Header Files</Filter>
    </ClInclude>
    <ClInclude Include="include\G3D\g3derror.h">
      <Filter>Header Files</Filter>
    </ClInclude>
    <ClInclude Include="include\g3d\g3dfnmatch.h">
      <Filter>Header Files</Filter>
    </ClInclude>
    <ClInclude Include="include\G3D\G3DGameUnits.h">
      <Filter>Header Files</Filter>
    </ClInclude>
    <ClInclude Include="include\G3D\g3dmath.h">
      <Filter>Header Files</Filter>
    </ClInclude>
    <ClInclude Include="include\G3D\GCamera.h">
      <Filter>Header Files</Filter>
    </ClInclude>
    <ClInclude Include="include\G3D\GImage.h">
      <Filter>Header Files</Filter>
    </ClInclude>
    <ClInclude Include="include\G3D\GLight.h">
      <Filter>Header Files</Filter>
    </ClInclude>
    <ClInclude Include="include\g3d\HashTrait.h">
      <Filter>Header Files</Filter>
    </ClInclude>
    <ClInclude Include="include\g3d\Image1.h">
      <Filter>Header Files</Filter>
    </ClInclude>
    <ClInclude Include="include\g3d\LightingParameters.h">
      <Filter>Header Files</Filter>
    </ClInclude>
    <ClInclude Include="include\G3D\Line.h">
      <Filter>Header Files</Filter>
    </ClInclude>
    <ClInclude Include="include\G3D\LineSegment.h">
      <Filter>Header Files</Filter>
    </ClInclude>
    <ClInclude Include="include\g3d\Map2D.h">
      <Filter>Header Files</Filter>
    </ClInclude>
    <ClInclude Include="include\g3d\Matrix2.h">
      <Filter>Header Files</Filter>
    </ClInclude>
    <ClInclude Include="include\G3D\Matrix3.h">
      <Filter>Header Files</Filter>
    </ClInclude>
    <ClInclude Include="include\G3D\Matrix4.h">
      <Filter>Header Files</Filter>
    </ClInclude>
    <ClInclude Include="include\g3d\MemoryManager.h">
      <Filter>Header Files</Filter>
    </ClInclude>
    <ClInclude Include="include\G3D\MeshAlg.h">
      <Filter>Header Files</Filter>
    </ClInclude>
    <ClInclude Include="include\G3D\MeshBuilder.h">
      <Filter>Header Files</Filter>
    </ClInclude>
    <ClInclude Include="include\g3d\ParseError.h">
      <Filter>Header Files</Filter>
    </ClInclude>
    <ClInclude Include="include\G3D\Plane.h">
      <Filter>Header Files</Filter>
    </ClInclude>
    <ClInclude Include="include\G3D\platform.h">
      <Filter>Header Files</Filter>
    </ClInclude>
    <ClInclude Include="include\png\png.h">
      <Filter>Header Files</Filter>
    </ClInclude>
    <ClInclude Include="include\png\pngconf.h">
      <Filter>Header Files</Filter>
    </ClInclude>
    <ClInclude Include="include\g3d\PositionTrait.h">
      <Filter>Header Files</Filter>
    </ClInclude>
    <ClInclude Include="include\G3D\Quat.h">
      <Filter>Header Files</Filter>
    </ClInclude>
    <ClInclude Include="include\g3d\Random.h">
      <Filter>Header Files</Filter>
    </ClInclude>
    <ClInclude Include="include\G3D\Ray.h">
      <Filter>Header Files</Filter>
    </ClInclude>
    <ClInclude Include="include\G3D\Rect2D.h">
      <Filter>Header Files</Filter>
    </ClInclude>
    <ClInclude Include="include\G3D\Set.h">
      <Filter>Header Files</Filter>
    </ClInclude>
    <ClInclude Include="include\g3d\SmallArray.h">
      <Filter>Header Files</Filter>
    </ClInclude>
    <ClInclude Include="include\G3D\Sphere.h">
      <Filter>Header Files</Filter>
    </ClInclude>
    <ClInclude Include="include\G3D\spline.h">
      <Filter>Header Files</Filter>
    </ClInclude>
    <ClInclude Include="include\G3D\stringutils.h">
      <Filter>Header Files</Filter>
    </ClInclude>
    <ClInclude Include="include\G3D\System.h">
      <Filter>Header Files</Filter>
    </ClInclude>
    <ClInclude Include="include\G3D\Table.h">
      <Filter>Header Files</Filter>
    </ClInclude>
    <ClInclude Include="include\G3D\Triangle.h">
      <Filter>Header Files</Filter>
    </ClInclude>
    <ClInclude Include="include\g3d\uint128.h">
      <Filter>Header Files</Filter>
    </ClInclude>
    <ClInclude Include="include\g3d\units.h">
      <Filter>Header Files</Filter>
    </ClInclude>
    <ClInclude Include="include\g3d\UprightFrame.h">
      <Filter>Header Files</Filter>
    </ClInclude>
    <ClInclude Include="include\G3D\Vector2.h">
      <Filter>Header Files</Filter>
    </ClInclude>
    <ClInclude Include="include\G3D\Vector2int16.h">
      <Filter>Header Files</Filter>
    </ClInclude>
    <ClInclude Include="include\G3D\Vector3.h">
      <Filter>Header Files</Filter>
    </ClInclude>
    <ClInclude Include="include\G3D\Vector3int16.h">
      <Filter>Header Files</Filter>
    </ClInclude>
    <ClInclude Include="include\g3d\Vector3int32.h">
      <Filter>Header Files</Filter>
    </ClInclude>
    <ClInclude Include="include\G3D\Vector4.h">
      <Filter>Header Files</Filter>
    </ClInclude>
    <ClInclude Include="include\g3d\Vector4int8.h">
      <Filter>Header Files</Filter>
    </ClInclude>
    <ClInclude Include="include\G3D\vectorMath.h">
      <Filter>Header Files</Filter>
    </ClInclude>
    <ClInclude Include="include\g3d\WrapMode.h">
      <Filter>Header Files</Filter>
    </ClInclude>
    <ClInclude Include="ijg\jconfig.h">
      <Filter>IJG</Filter>
    </ClInclude>
    <ClInclude Include="ijg\jdct.h">
      <Filter>IJG</Filter>
    </ClInclude>
    <ClInclude Include="ijg\jerror.h">
      <Filter>IJG</Filter>
    </ClInclude>
    <ClInclude Include="ijg\jinclude.h">
      <Filter>IJG</Filter>
    </ClInclude>
    <ClInclude Include="ijg\jmemsys.h">
      <Filter>IJG</Filter>
    </ClInclude>
    <ClInclude Include="ijg\jmorecfg.h">
      <Filter>IJG</Filter>
    </ClInclude>
    <ClInclude Include="ijg\jpegint.h">
      <Filter>IJG</Filter>
    </ClInclude>
    <ClInclude Include="ijg\jpeglib.h">
      <Filter>IJG</Filter>
    </ClInclude>
    <ClInclude Include="ijg\jversion.h">
      <Filter>IJG</Filter>
    </ClInclude>
    <ClInclude Include="ijg\transupp.h">
      <Filter>IJG</Filter>
    </ClInclude>
    <ClInclude Include="include\g3d\PhysicsFrame.h">
      <Filter>Header Files</Filter>
    </ClInclude>
  </ItemGroup>
</Project>