<?xml version="1.0" encoding="utf-8"?>
<Project ToolsVersion="4.0" xmlns="http://schemas.microsoft.com/developer/msbuild/2003">
  <ItemGroup>
    <Filter Include="Source Files">
      <UniqueIdentifier>{ED173019-2702-4d5d-9B8F-861C554BA151}</UniqueIdentifier>
      <Extensions>cpp;c;cxx;def;odl;idl;hpj;bat;asm;asmx</Extensions>
    </Filter>
    <Filter Include="Header Files">
      <UniqueIdentifier>{3EC32423-84F6-4bbb-9F54-2F648B14225C}</UniqueIdentifier>
      <Extensions>h;hpp;hxx;hm;inl;inc;xsd</Extensions>
    </Filter>
    <Filter Include="Resource Files">
      <UniqueIdentifier>{87ED97D5-0D75-49ef-92BF-8BA0ED473FBA}</UniqueIdentifier>
      <Extensions>rc;ico;cur;bmp;dlg;rc2;rct;bin;rgs;gif;jpg;jpeg;jpe;resx</Extensions>
    </Filter>
  </ItemGroup>
  <ItemGroup>
    <ClCompile Include="AdornBillboarder.cpp">
      <Filter>Source Files</Filter>
    </ClCompile>
    <ClCompile Include="FileMeshData.cpp">
      <Filter>Source Files</Filter>
    </ClCompile>
    <ClCompile Include="FrameRateManager.cpp">
      <Filter>Source Files</Filter>
    </ClCompile>
    <ClCompile Include="GfxPart.cpp">
      <Filter>Source Files</Filter>
    </ClCompile>
    <ClCompile Include="IAdornableCollector.cpp">
      <Filter>Source Files</Filter>
    </ClCompile>
    <ClCompile Include="RenderCaps.cpp">
      <Filter>Source Files</Filter>
    </ClCompile>
    <ClCompile Include="RenderSettings.cpp">
      <Filter>Source Files</Filter>
    </ClCompile>
    <ClCompile Include="RenderStats.cpp">
      <Filter>Source Files</Filter>
    </ClCompile>
    <ClCompile Include="ViewBase.cpp">
      <Filter>Source Files</Filter>
    </ClCompile>
    <ClCompile Include="Adorn.cpp">
      <Filter>Source Files</Filter>
    </ClCompile>
    <ClCompile Include="AdornSurface.cpp">
      <Filter>Source Files</Filter>
    </ClCompile>
    <ClCompile Include="AdornBillboarder2D.cpp">
      <Filter>Source Files</Filter>
    </ClCompile>
    <ClCompile Include="ViewportBillboarder.cpp">
      <Filter>Source Files</Filter>
    </ClCompile>
    <ClCompile Include="PartIdentifier.cpp">
      <Filter>Source Files</Filter>
    </ClCompile>
  </ItemGroup>
  <ItemGroup>
    <ClInclude Include="include\GfxBase\Adorn.h">
      <Filter>Header Files</Filter>
    </ClInclude>
    <ClInclude Include="include\GfxBase\AdornBillboarder.h">
      <Filter>Header Files</Filter>
    </ClInclude>
    <ClInclude Include="include\GfxBase\FileMeshData.h">
      <Filter>Header Files</Filter>
    </ClInclude>
    <ClInclude Include="include\GfxBase\FrameRateManager.h">
      <Filter>Header Files</Filter>
    </ClInclude>
    <ClInclude Include="include\GfxBase\GfxPart.h">
      <Filter>Header Files</Filter>
    </ClInclude>
    <ClInclude Include="include\GfxBase\IAdornable.h">
      <Filter>Header Files</Filter>
    </ClInclude>
    <ClInclude Include="include\GfxBase\IAdornableCollector.h">
      <Filter>Header Files</Filter>
    </ClInclude>
    <ClInclude Include="include\GfxBase\Image.h">
      <Filter>Header Files</Filter>
    </ClInclude>
    <ClInclude Include="include\GfxBase\MeshFileStructs.h">
      <Filter>Header Files</Filter>
    </ClInclude>
    <ClInclude Include="include\GfxBase\MeshGen.h">
      <Filter>Header Files</Filter>
    </ClInclude>
    <ClInclude Include="include\GfxBase\Part.h">
      <Filter>Header Files</Filter>
    </ClInclude>
    <ClInclude Include="include\GfxBase\RenderCaps.h">
      <Filter>Header Files</Filter>
    </ClInclude>
    <ClInclude Include="include\GfxBase\RenderSettings.h">
      <Filter>Header Files</Filter>
    </ClInclude>
    <ClInclude Include="include\GfxBase\RenderStats.h">
      <Filter>Header Files</Filter>
    </ClInclude>
    <ClInclude Include="include\GfxBase\TextureProxyBase.h">
      <Filter>Header Files</Filter>
    </ClInclude>
    <ClInclude Include="include\GfxBase\Type.h">
      <Filter>Header Files</Filter>
    </ClInclude>
    <ClInclude Include="include\GfxBase\Typesetter.h">
      <Filter>Header Files</Filter>
    </ClInclude>
    <ClInclude Include="include\GfxBase\ViewBase.h">
      <Filter>Header Files</Filter>
    </ClInclude>
    <ClInclude Include="include\GfxBase\AdornSurface.h">
      <Filter>Header Files</Filter>
    </ClInclude>
    <ClInclude Include="include\GfxBase\AdornBillboarder2D.h">
      <Filter>Header Files</Filter>
    </ClInclude>
    <ClInclude Include="include\GfxBase\ViewportBillboarder.h">
      <Filter>Header Files</Filter>
    </ClInclude>
  </ItemGroup>
</Project>