
Microsoft Visual Studio Solution File, Format Version 10.00
# Visual Studio 2008
Project("{FAE04EC0-301F-11D3-BF4B-00C04F79EFBC}") = "RCCService.Test", "RCCService.Test.csproj", "{F539D099-AC34-4F4D-9E00-C8DC77EC4F0F}"
EndProject
Project("{FAE04EC0-301F-11D3-BF4B-00C04F79EFBC}") = "Roblox.Grid.Common", "..\..\Client.LegacyAssemblies\Grid\Roblox.Grid.Common\Roblox.Grid.Common.csproj", "{DC7F620E-40D7-41F9-A569-2401AB1B9EAF}"
EndProject
Project("{FAE04EC0-301F-11D3-BF4B-00C04F79EFBC}") = "Roblox.Common", "..\..\Client.LegacyAssemblies\Roblox.Common\Roblox.Common.csproj", "{31C4415B-A946-47BD-83FE-AE13FBFB1324}"
EndProject
Project("{2150E333-8FDC-42A3-9474-1A3956D46DE8}") = "Solution Items", "Solution Items", "{DCBF33F7-790E-4E91-BED6-01AA87773F17}"
	ProjectSection(SolutionItems) = preProject
		RCCService.Test.vsmdi = RCCService.Test.vsmdi
		RCCService.Test1.vsmdi = RCCService.Test1.vsmdi
		RCCService.Test3.vsmdi = RCCService.Test3.vsmdi
		RCCTestRunConfig.testrunconfig = RCCTestRunConfig.testrunconfig
	EndProjectSection
EndProject
Project("{FAE04EC0-301F-11D3-BF4B-00C04F79EFBC}") = "Emcaster", "..\..\Client.LegacyAssemblies\Emcaster\Emcaster.csproj", "{6FBD14B8-C57D-49FD-8283-A162F40ABE37}"
EndProject
Project("{FAE04EC0-301F-11D3-BF4B-00C04F79EFBC}") = "Roblox.Configuration", "..\..\Client.LegacyAssemblies\Roblox.Configuration\Roblox.Configuration.csproj", "{D996AD59-D9C6-4DBB-9E96-D7C90896E8D0}"
EndProject
Project("{FAE04EC0-301F-11D3-BF4B-00C04F79EFBC}") = "RCCService.Thumb.Test", "..\RCCService.Thumb.Test\RCCService.Thumb.Test.csproj", "{13ADB282-C9B7-4397-9867-23EB7E3E2536}"
	ProjectSection(ProjectDependencies) = postProject
		{DC7F620E-40D7-41F9-A569-2401AB1B9EAF} = {DC7F620E-40D7-41F9-A569-2401AB1B9EAF}
		{D996AD59-D9C6-4DBB-9E96-D7C90896E8D0} = {D996AD59-D9C6-4DBB-9E96-D7C90896E8D0}
		{31C4415B-A946-47BD-83FE-AE13FBFB1324} = {31C4415B-A946-47BD-83FE-AE13FBFB1324}
		{F539D099-AC34-4F4D-9E00-C8DC77EC4F0F} = {F539D099-AC34-4F4D-9E00-C8DC77EC4F0F}
	EndProjectSection
EndProject
Project("{FAE04EC0-301F-11D3-BF4B-00C04F79EFBC}") = "Roblox.WebsiteSettings", "..\..\Client.LegacyAssemblies\WebsiteSettings\Roblox.WebsiteSettings.csproj", "{91147901-6468-4D3B-96C8-93E2ABD4F09A}"
EndProject
Project("{FAE04EC0-301F-11D3-BF4B-00C04F79EFBC}") = "Roblox.Common.Web", "..\..\Client.LegacyAssemblies\Roblox.Common.Web\Roblox.Common.Web.csproj", "{B7BAF271-C2A3-4945-B75E-11F3F34EE4DC}"
EndProject
Project("{FAE04EC0-301F-11D3-BF4B-00C04F79EFBC}") = "Roblox.Diagnostics", "..\..\Client.LegacyAssemblies\Roblox.Diagnostics\Roblox.Diagnostics.csproj", "{5CFFB705-D0E3-4402-8FF9-8BE7E1422FBE}"
EndProject
Global
	GlobalSection(TestCaseManagementSettings) = postSolution
		CategoryFile = RCCService.Test1.vsmdi
	EndGlobalSection
	GlobalSection(SourceCodeControl) = preSolution
		SccNumberOfProjects = 10
		SccProjectName0 = Perforce\u0020Project
		SccLocalPath0 = ..\\..
		SccProvider0 = MSSCCI:Perforce\u0020SCM
		SccProjectFilePathRelativizedFromConnection0 = Client\\RCCService.Test\\
		SccProjectUniqueName1 = RCCService.Test.csproj
		SccLocalPath1 = ..\\..
		SccProjectFilePathRelativizedFromConnection1 = Client\\RCCService.Test\\
		SccProjectUniqueName2 = ..\\..\\Client.LegacyAssemblies\\Grid\\Roblox.Grid.Common\\Roblox.Grid.Common.csproj
		SccLocalPath2 = ..\\..
		SccProjectFilePathRelativizedFromConnection2 = Client.LegacyAssemblies\\Grid\\Roblox.Grid.Common\\
		SccProjectUniqueName3 = ..\\..\\Client.LegacyAssemblies\\Roblox.Common\\Roblox.Common.csproj
		SccLocalPath3 = ..\\..
		SccProjectFilePathRelativizedFromConnection3 = Client.LegacyAssemblies\\Roblox.Common\\
		SccProjectUniqueName4 = ..\\..\\Client.LegacyAssemblies\\Emcaster\\Emcaster.csproj
		SccLocalPath4 = ..\\..
		SccProjectFilePathRelativizedFromConnection4 = Client.LegacyAssemblies\\Emcaster\\
		SccProjectUniqueName5 = ..\\..\\Client.LegacyAssemblies\\Roblox.Configuration\\Roblox.Configuration.csproj
		SccLocalPath5 = ..\\..
		SccProjectFilePathRelativizedFromConnection5 = Client.LegacyAssemblies\\Roblox.Configuration\\
		SccProjectUniqueName6 = ..\\RCCService.Thumb.Test\\RCCService.Thumb.Test.csproj
		SccLocalPath6 = ..\\..
		SccProjectFilePathRelativizedFromConnection6 = Client\\RCCService.Thumb.Test\\
		SccProjectUniqueName7 = ..\\..\\Client.LegacyAssemblies\\WebsiteSettings\\Roblox.WebsiteSettings.csproj
		SccLocalPath7 = ..\\..
		SccProjectFilePathRelativizedFromConnection7 = Client.LegacyAssemblies\\WebsiteSettings\\
		SccProjectUniqueName8 = ..\\..\\Client.LegacyAssemblies\\Roblox.Common.Web\\Roblox.Common.Web.csproj
		SccLocalPath8 = ..\\..
		SccProjectFilePathRelativizedFromConnection8 = Client.LegacyAssemblies\\Roblox.Common.Web\\
		SccProjectUniqueName9 = ..\\..\\Client.LegacyAssemblies\\Roblox.Diagnostics\\Roblox.Diagnostics.csproj
		SccLocalPath9 = ..\\..
		SccProjectFilePathRelativizedFromConnection9 = Client.LegacyAssemblies\\Roblox.Diagnostics\\
	EndGlobalSection
	GlobalSection(SolutionConfigurationPlatforms) = preSolution
		Debug|Any CPU = Debug|Any CPU
		Debug|Mixed Platforms = Debug|Mixed Platforms
		Debug|Win32 = Debug|Win32
		NoOpt|Any CPU = NoOpt|Any CPU
		NoOpt|Mixed Platforms = NoOpt|Mixed Platforms
		NoOpt|Win32 = NoOpt|Win32
		Release|Any CPU = Release|Any CPU
		Release|Mixed Platforms = Release|Mixed Platforms
		Release|Win32 = Release|Win32
	EndGlobalSection
	GlobalSection(ProjectConfigurationPlatforms) = postSolution
		{F539D099-AC34-4F4D-9E00-C8DC77EC4F0F}.Debug|Any CPU.ActiveCfg = Debug|Any CPU
		{F539D099-AC34-4F4D-9E00-C8DC77EC4F0F}.Debug|Any CPU.Build.0 = Debug|Any CPU
		{F539D099-AC34-4F4D-9E00-C8DC77EC4F0F}.Debug|Mixed Platforms.ActiveCfg = Debug|Any CPU
		{F539D099-AC34-4F4D-9E00-C8DC77EC4F0F}.Debug|Mixed Platforms.Build.0 = Debug|Any CPU
		{F539D099-AC34-4F4D-9E00-C8DC77EC4F0F}.Debug|Win32.ActiveCfg = Debug|Any CPU
		{F539D099-AC34-4F4D-9E00-C8DC77EC4F0F}.NoOpt|Any CPU.ActiveCfg = Release|Any CPU
		{F539D099-AC34-4F4D-9E00-C8DC77EC4F0F}.NoOpt|Any CPU.Build.0 = Release|Any CPU
		{F539D099-AC34-4F4D-9E00-C8DC77EC4F0F}.NoOpt|Mixed Platforms.ActiveCfg = Release|Any CPU
		{F539D099-AC34-4F4D-9E00-C8DC77EC4F0F}.NoOpt|Mixed Platforms.Build.0 = Release|Any CPU
		{F539D099-AC34-4F4D-9E00-C8DC77EC4F0F}.NoOpt|Win32.ActiveCfg = Release|Any CPU
		{F539D099-AC34-4F4D-9E00-C8DC77EC4F0F}.Release|Any CPU.ActiveCfg = Release|Any CPU
		{F539D099-AC34-4F4D-9E00-C8DC77EC4F0F}.Release|Any CPU.Build.0 = Release|Any CPU
		{F539D099-AC34-4F4D-9E00-C8DC77EC4F0F}.Release|Mixed Platforms.ActiveCfg = Release|Any CPU
		{F539D099-AC34-4F4D-9E00-C8DC77EC4F0F}.Release|Mixed Platforms.Build.0 = Release|Any CPU
		{F539D099-AC34-4F4D-9E00-C8DC77EC4F0F}.Release|Win32.ActiveCfg = Release|Any CPU
		{F539D099-AC34-4F4D-9E00-C8DC77EC4F0F}.Release|Win32.Build.0 = Release|Any CPU
		{DC7F620E-40D7-41F9-A569-2401AB1B9EAF}.Debug|Any CPU.ActiveCfg = Debug|Any CPU
		{DC7F620E-40D7-41F9-A569-2401AB1B9EAF}.Debug|Any CPU.Build.0 = Debug|Any CPU
		{DC7F620E-40D7-41F9-A569-2401AB1B9EAF}.Debug|Mixed Platforms.ActiveCfg = Debug|Any CPU
		{DC7F620E-40D7-41F9-A569-2401AB1B9EAF}.Debug|Mixed Platforms.Build.0 = Debug|Any CPU
		{DC7F620E-40D7-41F9-A569-2401AB1B9EAF}.Debug|Win32.ActiveCfg = Debug|Any CPU
		{DC7F620E-40D7-41F9-A569-2401AB1B9EAF}.NoOpt|Any CPU.ActiveCfg = Release|Any CPU
		{DC7F620E-40D7-41F9-A569-2401AB1B9EAF}.NoOpt|Any CPU.Build.0 = Release|Any CPU
		{DC7F620E-40D7-41F9-A569-2401AB1B9EAF}.NoOpt|Mixed Platforms.ActiveCfg = Release|Any CPU
		{DC7F620E-40D7-41F9-A569-2401AB1B9EAF}.NoOpt|Mixed Platforms.Build.0 = Release|Any CPU
		{DC7F620E-40D7-41F9-A569-2401AB1B9EAF}.NoOpt|Win32.ActiveCfg = Release|Any CPU
		{DC7F620E-40D7-41F9-A569-2401AB1B9EAF}.Release|Any CPU.ActiveCfg = Release|Any CPU
		{DC7F620E-40D7-41F9-A569-2401AB1B9EAF}.Release|Any CPU.Build.0 = Release|Any CPU
		{DC7F620E-40D7-41F9-A569-2401AB1B9EAF}.Release|Mixed Platforms.ActiveCfg = Release|Any CPU
		{DC7F620E-40D7-41F9-A569-2401AB1B9EAF}.Release|Mixed Platforms.Build.0 = Release|Any CPU
		{DC7F620E-40D7-41F9-A569-2401AB1B9EAF}.Release|Win32.ActiveCfg = Release|Any CPU
		{DC7F620E-40D7-41F9-A569-2401AB1B9EAF}.Release|Win32.Build.0 = Release|Any CPU
		{31C4415B-A946-47BD-83FE-AE13FBFB1324}.Debug|Any CPU.ActiveCfg = Debug|Any CPU
		{31C4415B-A946-47BD-83FE-AE13FBFB1324}.Debug|Any CPU.Build.0 = Debug|Any CPU
		{31C4415B-A946-47BD-83FE-AE13FBFB1324}.Debug|Mixed Platforms.ActiveCfg = Debug|Any CPU
		{31C4415B-A946-47BD-83FE-AE13FBFB1324}.Debug|Mixed Platforms.Build.0 = Debug|Any CPU
		{31C4415B-A946-47BD-83FE-AE13FBFB1324}.Debug|Win32.ActiveCfg = Debug|Any CPU
		{31C4415B-A946-47BD-83FE-AE13FBFB1324}.NoOpt|Any CPU.ActiveCfg = Release|Any CPU
		{31C4415B-A946-47BD-83FE-AE13FBFB1324}.NoOpt|Any CPU.Build.0 = Release|Any CPU
		{31C4415B-A946-47BD-83FE-AE13FBFB1324}.NoOpt|Mixed Platforms.ActiveCfg = Release|Any CPU
		{31C4415B-A946-47BD-83FE-AE13FBFB1324}.NoOpt|Mixed Platforms.Build.0 = Release|Any CPU
		{31C4415B-A946-47BD-83FE-AE13FBFB1324}.NoOpt|Win32.ActiveCfg = Release|Any CPU
		{31C4415B-A946-47BD-83FE-AE13FBFB1324}.Release|Any CPU.ActiveCfg = Release|Any CPU
		{31C4415B-A946-47BD-83FE-AE13FBFB1324}.Release|Any CPU.Build.0 = Release|Any CPU
		{31C4415B-A946-47BD-83FE-AE13FBFB1324}.Release|Mixed Platforms.ActiveCfg = Release|Any CPU
		{31C4415B-A946-47BD-83FE-AE13FBFB1324}.Release|Mixed Platforms.Build.0 = Release|Any CPU
		{31C4415B-A946-47BD-83FE-AE13FBFB1324}.Release|Win32.ActiveCfg = Release|Any CPU
		{31C4415B-A946-47BD-83FE-AE13FBFB1324}.Release|Win32.Build.0 = Release|Any CPU
		{6FBD14B8-C57D-49FD-8283-A162F40ABE37}.Debug|Any CPU.ActiveCfg = Debug|Any CPU
		{6FBD14B8-C57D-49FD-8283-A162F40ABE37}.Debug|Any CPU.Build.0 = Debug|Any CPU
		{6FBD14B8-C57D-49FD-8283-A162F40ABE37}.Debug|Mixed Platforms.ActiveCfg = Debug|Any CPU
		{6FBD14B8-C57D-49FD-8283-A162F40ABE37}.Debug|Mixed Platforms.Build.0 = Debug|Any CPU
		{6FBD14B8-C57D-49FD-8283-A162F40ABE37}.Debug|Win32.ActiveCfg = Debug|Any CPU
		{6FBD14B8-C57D-49FD-8283-A162F40ABE37}.NoOpt|Any CPU.ActiveCfg = Release|Any CPU
		{6FBD14B8-C57D-49FD-8283-A162F40ABE37}.NoOpt|Any CPU.Build.0 = Release|Any CPU
		{6FBD14B8-C57D-49FD-8283-A162F40ABE37}.NoOpt|Mixed Platforms.ActiveCfg = Release|Any CPU
		{6FBD14B8-C57D-49FD-8283-A162F40ABE37}.NoOpt|Mixed Platforms.Build.0 = Release|Any CPU
		{6FBD14B8-C57D-49FD-8283-A162F40ABE37}.NoOpt|Win32.ActiveCfg = Release|Any CPU
		{6FBD14B8-C57D-49FD-8283-A162F40ABE37}.Release|Any CPU.ActiveCfg = Release|Any CPU
		{6FBD14B8-C57D-49FD-8283-A162F40ABE37}.Release|Any CPU.Build.0 = Release|Any CPU
		{6FBD14B8-C57D-49FD-8283-A162F40ABE37}.Release|Mixed Platforms.ActiveCfg = Release|Any CPU
		{6FBD14B8-C57D-49FD-8283-A162F40ABE37}.Release|Mixed Platforms.Build.0 = Release|Any CPU
		{6FBD14B8-C57D-49FD-8283-A162F40ABE37}.Release|Win32.ActiveCfg = Release|Any CPU
		{6FBD14B8-C57D-49FD-8283-A162F40ABE37}.Release|Win32.Build.0 = Release|Any CPU
		{D996AD59-D9C6-4DBB-9E96-D7C90896E8D0}.Debug|Any CPU.ActiveCfg = Debug|Any CPU
		{D996AD59-D9C6-4DBB-9E96-D7C90896E8D0}.Debug|Any CPU.Build.0 = Debug|Any CPU
		{D996AD59-D9C6-4DBB-9E96-D7C90896E8D0}.Debug|Mixed Platforms.ActiveCfg = Debug|Any CPU
		{D996AD59-D9C6-4DBB-9E96-D7C90896E8D0}.Debug|Mixed Platforms.Build.0 = Debug|Any CPU
		{D996AD59-D9C6-4DBB-9E96-D7C90896E8D0}.Debug|Win32.ActiveCfg = Debug|Any CPU
		{D996AD59-D9C6-4DBB-9E96-D7C90896E8D0}.NoOpt|Any CPU.ActiveCfg = Release|Any CPU
		{D996AD59-D9C6-4DBB-9E96-D7C90896E8D0}.NoOpt|Any CPU.Build.0 = Release|Any CPU
		{D996AD59-D9C6-4DBB-9E96-D7C90896E8D0}.NoOpt|Mixed Platforms.ActiveCfg = Release|Any CPU
		{D996AD59-D9C6-4DBB-9E96-D7C90896E8D0}.NoOpt|Mixed Platforms.Build.0 = Release|Any CPU
		{D996AD59-D9C6-4DBB-9E96-D7C90896E8D0}.NoOpt|Win32.ActiveCfg = Release|Any CPU
		{D996AD59-D9C6-4DBB-9E96-D7C90896E8D0}.Release|Any CPU.ActiveCfg = Release|Any CPU
		{D996AD59-D9C6-4DBB-9E96-D7C90896E8D0}.Release|Any CPU.Build.0 = Release|Any CPU
		{D996AD59-D9C6-4DBB-9E96-D7C90896E8D0}.Release|Mixed Platforms.ActiveCfg = Release|Any CPU
		{D996AD59-D9C6-4DBB-9E96-D7C90896E8D0}.Release|Mixed Platforms.Build.0 = Release|Any CPU
		{D996AD59-D9C6-4DBB-9E96-D7C90896E8D0}.Release|Win32.ActiveCfg = Release|Any CPU
		{D996AD59-D9C6-4DBB-9E96-D7C90896E8D0}.Release|Win32.Build.0 = Release|Any CPU
		{13ADB282-C9B7-4397-9867-23EB7E3E2536}.Debug|Any CPU.ActiveCfg = Debug|Any CPU
		{13ADB282-C9B7-4397-9867-23EB7E3E2536}.Debug|Any CPU.Build.0 = Debug|Any CPU
		{13ADB282-C9B7-4397-9867-23EB7E3E2536}.Debug|Mixed Platforms.ActiveCfg = Debug|Any CPU
		{13ADB282-C9B7-4397-9867-23EB7E3E2536}.Debug|Mixed Platforms.Build.0 = Debug|Any CPU
		{13ADB282-C9B7-4397-9867-23EB7E3E2536}.Debug|Win32.ActiveCfg = Debug|Any CPU
		{13ADB282-C9B7-4397-9867-23EB7E3E2536}.NoOpt|Any CPU.ActiveCfg = Release|Any CPU
		{13ADB282-C9B7-4397-9867-23EB7E3E2536}.NoOpt|Any CPU.Build.0 = Release|Any CPU
		{13ADB282-C9B7-4397-9867-23EB7E3E2536}.NoOpt|Mixed Platforms.ActiveCfg = Release|Any CPU
		{13ADB282-C9B7-4397-9867-23EB7E3E2536}.NoOpt|Mixed Platforms.Build.0 = Release|Any CPU
		{13ADB282-C9B7-4397-9867-23EB7E3E2536}.NoOpt|Win32.ActiveCfg = Release|Any CPU
		{13ADB282-C9B7-4397-9867-23EB7E3E2536}.Release|Any CPU.ActiveCfg = Release|Any CPU
		{13ADB282-C9B7-4397-9867-23EB7E3E2536}.Release|Any CPU.Build.0 = Release|Any CPU
		{13ADB282-C9B7-4397-9867-23EB7E3E2536}.Release|Mixed Platforms.ActiveCfg = Release|Any CPU
		{13ADB282-C9B7-4397-9867-23EB7E3E2536}.Release|Mixed Platforms.Build.0 = Release|Any CPU
		{13ADB282-C9B7-4397-9867-23EB7E3E2536}.Release|Win32.ActiveCfg = Release|Any CPU
		{13ADB282-C9B7-4397-9867-23EB7E3E2536}.Release|Win32.Build.0 = Release|Any CPU
		{91147901-6468-4D3B-96C8-93E2ABD4F09A}.Debug|Any CPU.ActiveCfg = Debug|Any CPU
		{91147901-6468-4D3B-96C8-93E2ABD4F09A}.Debug|Any CPU.Build.0 = Debug|Any CPU
		{91147901-6468-4D3B-96C8-93E2ABD4F09A}.Debug|Mixed Platforms.ActiveCfg = Debug|Any CPU
		{91147901-6468-4D3B-96C8-93E2ABD4F09A}.Debug|Mixed Platforms.Build.0 = Debug|Any CPU
		{91147901-6468-4D3B-96C8-93E2ABD4F09A}.Debug|Win32.ActiveCfg = Debug|Any CPU
		{91147901-6468-4D3B-96C8-93E2ABD4F09A}.NoOpt|Any CPU.ActiveCfg = Release|Any CPU
		{91147901-6468-4D3B-96C8-93E2ABD4F09A}.NoOpt|Any CPU.Build.0 = Release|Any CPU
		{91147901-6468-4D3B-96C8-93E2ABD4F09A}.NoOpt|Mixed Platforms.ActiveCfg = Release|Any CPU
		{91147901-6468-4D3B-96C8-93E2ABD4F09A}.NoOpt|Mixed Platforms.Build.0 = Release|Any CPU
		{91147901-6468-4D3B-96C8-93E2ABD4F09A}.NoOpt|Win32.ActiveCfg = Release|Any CPU
		{91147901-6468-4D3B-96C8-93E2ABD4F09A}.Release|Any CPU.ActiveCfg = Release|Any CPU
		{91147901-6468-4D3B-96C8-93E2ABD4F09A}.Release|Any CPU.Build.0 = Release|Any CPU
		{91147901-6468-4D3B-96C8-93E2ABD4F09A}.Release|Mixed Platforms.ActiveCfg = Release|Any CPU
		{91147901-6468-4D3B-96C8-93E2ABD4F09A}.Release|Mixed Platforms.Build.0 = Release|Any CPU
		{91147901-6468-4D3B-96C8-93E2ABD4F09A}.Release|Win32.ActiveCfg = Release|Any CPU
		{91147901-6468-4D3B-96C8-93E2ABD4F09A}.Release|Win32.Build.0 = Release|Any CPU
		{B7BAF271-C2A3-4945-B75E-11F3F34EE4DC}.Debug|Any CPU.ActiveCfg = Debug|Any CPU
		{B7BAF271-C2A3-4945-B75E-11F3F34EE4DC}.Debug|Any CPU.Build.0 = Debug|Any CPU
		{B7BAF271-C2A3-4945-B75E-11F3F34EE4DC}.Debug|Mixed Platforms.ActiveCfg = Debug|Any CPU
		{B7BAF271-C2A3-4945-B75E-11F3F34EE4DC}.Debug|Mixed Platforms.Build.0 = Debug|Any CPU
		{B7BAF271-C2A3-4945-B75E-11F3F34EE4DC}.Debug|Win32.ActiveCfg = Debug|Any CPU
		{B7BAF271-C2A3-4945-B75E-11F3F34EE4DC}.NoOpt|Any CPU.ActiveCfg = Release|Any CPU
		{B7BAF271-C2A3-4945-B75E-11F3F34EE4DC}.NoOpt|Any CPU.Build.0 = Release|Any CPU
		{B7BAF271-C2A3-4945-B75E-11F3F34EE4DC}.NoOpt|Mixed Platforms.ActiveCfg = Release|Any CPU
		{B7BAF271-C2A3-4945-B75E-11F3F34EE4DC}.NoOpt|Mixed Platforms.Build.0 = Release|Any CPU
		{B7BAF271-C2A3-4945-B75E-11F3F34EE4DC}.NoOpt|Win32.ActiveCfg = Release|Any CPU
		{B7BAF271-C2A3-4945-B75E-11F3F34EE4DC}.Release|Any CPU.ActiveCfg = Release|Any CPU
		{B7BAF271-C2A3-4945-B75E-11F3F34EE4DC}.Release|Any CPU.Build.0 = Release|Any CPU
		{B7BAF271-C2A3-4945-B75E-11F3F34EE4DC}.Release|Mixed Platforms.ActiveCfg = Release|Any CPU
		{B7BAF271-C2A3-4945-B75E-11F3F34EE4DC}.Release|Mixed Platforms.Build.0 = Release|Any CPU
		{B7BAF271-C2A3-4945-B75E-11F3F34EE4DC}.Release|Win32.ActiveCfg = Release|Any CPU
		{B7BAF271-C2A3-4945-B75E-11F3F34EE4DC}.Release|Win32.Build.0 = Release|Any CPU
		{5CFFB705-D0E3-4402-8FF9-8BE7E1422FBE}.Debug|Any CPU.ActiveCfg = Debug|Any CPU
		{5CFFB705-D0E3-4402-8FF9-8BE7E1422FBE}.Debug|Any CPU.Build.0 = Debug|Any CPU
		{5CFFB705-D0E3-4402-8FF9-8BE7E1422FBE}.Debug|Mixed Platforms.ActiveCfg = Debug|Any CPU
		{5CFFB705-D0E3-4402-8FF9-8BE7E1422FBE}.Debug|Mixed Platforms.Build.0 = Debug|Any CPU
		{5CFFB705-D0E3-4402-8FF9-8BE7E1422FBE}.Debug|Win32.ActiveCfg = Debug|Any CPU
		{5CFFB705-D0E3-4402-8FF9-8BE7E1422FBE}.NoOpt|Any CPU.ActiveCfg = Release|Any CPU
		{5CFFB705-D0E3-4402-8FF9-8BE7E1422FBE}.NoOpt|Any CPU.Build.0 = Release|Any CPU
		{5CFFB705-D0E3-4402-8FF9-8BE7E1422FBE}.NoOpt|Mixed Platforms.ActiveCfg = Release|Any CPU
		{5CFFB705-D0E3-4402-8FF9-8BE7E1422FBE}.NoOpt|Mixed Platforms.Build.0 = Release|Any CPU
		{5CFFB705-D0E3-4402-8FF9-8BE7E1422FBE}.NoOpt|Win32.ActiveCfg = Release|Any CPU
		{5CFFB705-D0E3-4402-8FF9-8BE7E1422FBE}.Release|Any CPU.ActiveCfg = Release|Any CPU
		{5CFFB705-D0E3-4402-8FF9-8BE7E1422FBE}.Release|Any CPU.Build.0 = Release|Any CPU
		{5CFFB705-D0E3-4402-8FF9-8BE7E1422FBE}.Release|Mixed Platforms.ActiveCfg = Release|Any CPU
		{5CFFB705-D0E3-4402-8FF9-8BE7E1422FBE}.Release|Mixed Platforms.Build.0 = Release|Any CPU
		{5CFFB705-D0E3-4402-8FF9-8BE7E1422FBE}.Release|Win32.ActiveCfg = Release|Any CPU
		{5CFFB705-D0E3-4402-8FF9-8BE7E1422FBE}.Release|Win32.Build.0 = Release|Any CPU
	EndGlobalSection
	GlobalSection(SolutionProperties) = preSolution
		HideSolutionNode = FALSE
	EndGlobalSection
EndGlobal
