
Microsoft Visual Studio Solution File, Format Version 10.00
# Visual Studio 2008
Project("{FAE04EC0-301F-11D3-BF4B-00C04F79EFBC}") = "Roblox.Test", "Rig\Roblox.Test.csproj", "{A35CBBF6-D87A-440E-8846-AED69FFBFB8D}"
EndProject
Project("{FAE04EC0-301F-11D3-BF4B-00C04F79EFBC}") = "Roblox.Test.TestCases", "TestCases\Roblox.Test.TestCases.csproj", "{101C21F5-FB46-4E91-B5D4-6B6D87FA585A}"
	ProjectSection(ProjectDependencies) = postProject
		{31C4415B-A946-47BD-83FE-AE13FBFB1324} = {31C4415B-A946-47BD-83FE-AE13FBFB1324}
	EndProjectSection
EndProject
Project("{2150E333-8FDC-42A3-9474-1A3956D46DE8}") = "Solution Items", "Solution Items", "{97BA6986-177F-4A2F-8EDF-8E447CEDDEEF}"
	ProjectSection(SolutionItems) = preProject
		LocalTestRun.testrunconfig = LocalTestRun.testrunconfig
		Roblox.Test.vsmdi = Roblox.Test.vsmdi
	EndProjectSection
EndProject
Project("{FAE04EC0-301F-11D3-BF4B-00C04F79EFBC}") = "Roblox.Test.RemoteTestShim", "RemoteTestShim\Roblox.Test.RemoteTestShim.csproj", "{3D66508E-ADA5-4C7B-BD79-53B20B6D4DAB}"
EndProject
Project("{8BC9CEB8-8B4A-11D0-8D11-00A0C91BC942}") = "Publish", "Publish\Publish.vcproj", "{BE2029A1-B77A-4803-A07F-037FEFFDB443}"
EndProject
Project("{FAE04EC0-301F-11D3-BF4B-00C04F79EFBC}") = "ScriptSigner", "..\ScriptSigner\ScriptSigner\ScriptSigner.csproj", "{796ED054-EA2A-40DA-BC9B-A50D03CE21B8}"
EndProject
Project("{FAE04EC0-301F-11D3-BF4B-00C04F79EFBC}") = "MSUnitProxy", "MSUnitProxy\MSUnitProxy.csproj", "{FE7D771A-FED8-48B9-86B5-F7A5408026EC}"
EndProject
Project("{FAE04EC0-301F-11D3-BF4B-00C04F79EFBC}") = "Roblox.Common", "..\..\Client.LegacyAssemblies\Roblox.Common\Roblox.Common.csproj", "{31C4415B-A946-47BD-83FE-AE13FBFB1324}"
EndProject
Project("{FAE04EC0-301F-11D3-BF4B-00C04F79EFBC}") = "Emcaster", "..\..\Client.LegacyAssemblies\Emcaster\Emcaster.csproj", "{6FBD14B8-C57D-49FD-8283-A162F40ABE37}"
EndProject
Project("{FAE04EC0-301F-11D3-BF4B-00C04F79EFBC}") = "Roblox.WebsiteSettings", "..\..\Client.LegacyAssemblies\WebsiteSettings\Roblox.WebsiteSettings.csproj", "{91147901-6468-4D3B-96C8-93E2ABD4F09A}"
EndProject
Project("{FAE04EC0-301F-11D3-BF4B-00C04F79EFBC}") = "Roblox.Diagnostics", "..\..\Client.LegacyAssemblies\Roblox.Diagnostics\Roblox.Diagnostics.csproj", "{5CFFB705-D0E3-4402-8FF9-8BE7E1422FBE}"
EndProject
Project("{FAE04EC0-301F-11D3-BF4B-00C04F79EFBC}") = "Roblox.Configuration", "..\..\Client.LegacyAssemblies\Roblox.Configuration\Roblox.Configuration.csproj", "{D996AD59-D9C6-4DBB-9E96-D7C90896E8D0}"
EndProject
Global
	GlobalSection(SourceCodeControl) = preSolution
		SccNumberOfProjects = 12
		SccProjectName0 = Perforce\u0020Project
		SccLocalPath0 = ..\\..
		SccProvider0 = MSSCCI:Perforce\u0020SCM
		SccProjectFilePathRelativizedFromConnection0 = Client\\Roblox.Test\\
		SccProjectUniqueName1 = ..\\ScriptSigner\\ScriptSigner\\ScriptSigner.csproj
		SccLocalPath1 = ..\\..
		SccProjectFilePathRelativizedFromConnection1 = Client\\ScriptSigner\\ScriptSigner\\
		SccProjectUniqueName2 = ..\\..\\Client.LegacyAssemblies\\WebsiteSettings\\Roblox.WebsiteSettings.csproj
		SccLocalPath2 = ..\\..
		SccProjectFilePathRelativizedFromConnection2 = Client.LegacyAssemblies\\WebsiteSettings\\
		SccProjectUniqueName3 = TestCases\\Roblox.Test.TestCases.csproj
		SccLocalPath3 = ..\\..
		SccProjectFilePathRelativizedFromConnection3 = Client\\Roblox.Test\\TestCases\\
		SccProjectUniqueName4 = RemoteTestShim\\Roblox.Test.RemoteTestShim.csproj
		SccLocalPath4 = ..\\..
		SccProjectFilePathRelativizedFromConnection4 = Client\\Roblox.Test\\RemoteTestShim\\
		SccProjectUniqueName5 = Rig\\Roblox.Test.csproj
		SccLocalPath5 = ..\\..
		SccProjectFilePathRelativizedFromConnection5 = Client\\Roblox.Test\\Rig\\
		SccProjectUniqueName6 = ..\\..\\Client.LegacyAssemblies\\Roblox.Diagnostics\\Roblox.Diagnostics.csproj
		SccLocalPath6 = ..\\..
		SccProjectFilePathRelativizedFromConnection6 = Client.LegacyAssemblies\\Roblox.Diagnostics\\
		SccProjectUniqueName7 = ..\\..\\Client.LegacyAssemblies\\Roblox.Configuration\\Roblox.Configuration.csproj
		SccLocalPath7 = ..\\..
		SccProjectFilePathRelativizedFromConnection7 = Client.LegacyAssemblies\\Roblox.Configuration\\
		SccProjectUniqueName8 = ..\\..\\Client.LegacyAssemblies\\Roblox.Common\\Roblox.Common.csproj
		SccLocalPath8 = ..\\..
		SccProjectFilePathRelativizedFromConnection8 = Client.LegacyAssemblies\\Roblox.Common\\
		SccProjectUniqueName9 = Publish\\Publish.vcproj
		SccLocalPath9 = ..\\..
		SccProjectFilePathRelativizedFromConnection9 = Client\\Roblox.Test\\Publish\\
		SccProjectUniqueName10 = MSUnitProxy\\MSUnitProxy.csproj
		SccProjectTopLevelParentUniqueName10 = Roblox.Test.sln
		SccLocalPath10 = ..\\..
		SccProjectFilePathRelativizedFromConnection10 = Client\\Roblox.Test\\MSUnitProxy\\
		SccProjectUniqueName11 = ..\\..\\Client.LegacyAssemblies\\Emcaster\\Emcaster.csproj
		SccLocalPath11 = ..\\..
		SccProjectFilePathRelativizedFromConnection11 = Client.LegacyAssemblies\\Emcaster\\
	EndGlobalSection
	GlobalSection(SolutionConfigurationPlatforms) = preSolution
		Debug|Any CPU = Debug|Any CPU
		Debug|Mixed Platforms = Debug|Mixed Platforms
		Debug|Win32 = Debug|Win32
		Debug|x86 = Debug|x86
		Release|Any CPU = Release|Any CPU
		Release|Mixed Platforms = Release|Mixed Platforms
		Release|Win32 = Release|Win32
		Release|x86 = Release|x86
	EndGlobalSection
	GlobalSection(ProjectConfigurationPlatforms) = postSolution
		{A35CBBF6-D87A-440E-8846-AED69FFBFB8D}.Debug|Any CPU.ActiveCfg = Debug|Any CPU
		{A35CBBF6-D87A-440E-8846-AED69FFBFB8D}.Debug|Any CPU.Build.0 = Debug|Any CPU
		{A35CBBF6-D87A-440E-8846-AED69FFBFB8D}.Debug|Mixed Platforms.ActiveCfg = Debug|Any CPU
		{A35CBBF6-D87A-440E-8846-AED69FFBFB8D}.Debug|Mixed Platforms.Build.0 = Debug|Any CPU
		{A35CBBF6-D87A-440E-8846-AED69FFBFB8D}.Debug|Win32.ActiveCfg = Debug|Any CPU
		{A35CBBF6-D87A-440E-8846-AED69FFBFB8D}.Debug|x86.ActiveCfg = Debug|Any CPU
		{A35CBBF6-D87A-440E-8846-AED69FFBFB8D}.Release|Any CPU.ActiveCfg = Release|Any CPU
		{A35CBBF6-D87A-440E-8846-AED69FFBFB8D}.Release|Any CPU.Build.0 = Release|Any CPU
		{A35CBBF6-D87A-440E-8846-AED69FFBFB8D}.Release|Mixed Platforms.ActiveCfg = Release|Any CPU
		{A35CBBF6-D87A-440E-8846-AED69FFBFB8D}.Release|Mixed Platforms.Build.0 = Release|Any CPU
		{A35CBBF6-D87A-440E-8846-AED69FFBFB8D}.Release|Win32.ActiveCfg = Release|Any CPU
		{A35CBBF6-D87A-440E-8846-AED69FFBFB8D}.Release|x86.ActiveCfg = Release|Any CPU
		{101C21F5-FB46-4E91-B5D4-6B6D87FA585A}.Debug|Any CPU.ActiveCfg = Debug|Any CPU
		{101C21F5-FB46-4E91-B5D4-6B6D87FA585A}.Debug|Any CPU.Build.0 = Debug|Any CPU
		{101C21F5-FB46-4E91-B5D4-6B6D87FA585A}.Debug|Mixed Platforms.ActiveCfg = Debug|Any CPU
		{101C21F5-FB46-4E91-B5D4-6B6D87FA585A}.Debug|Mixed Platforms.Build.0 = Debug|Any CPU
		{101C21F5-FB46-4E91-B5D4-6B6D87FA585A}.Debug|Win32.ActiveCfg = Debug|Any CPU
		{101C21F5-FB46-4E91-B5D4-6B6D87FA585A}.Debug|x86.ActiveCfg = Debug|Any CPU
		{101C21F5-FB46-4E91-B5D4-6B6D87FA585A}.Release|Any CPU.ActiveCfg = Release|Any CPU
		{101C21F5-FB46-4E91-B5D4-6B6D87FA585A}.Release|Any CPU.Build.0 = Release|Any CPU
		{101C21F5-FB46-4E91-B5D4-6B6D87FA585A}.Release|Mixed Platforms.ActiveCfg = Release|Any CPU
		{101C21F5-FB46-4E91-B5D4-6B6D87FA585A}.Release|Mixed Platforms.Build.0 = Release|Any CPU
		{101C21F5-FB46-4E91-B5D4-6B6D87FA585A}.Release|Win32.ActiveCfg = Release|Any CPU
		{101C21F5-FB46-4E91-B5D4-6B6D87FA585A}.Release|x86.ActiveCfg = Release|Any CPU
		{3D66508E-ADA5-4C7B-BD79-53B20B6D4DAB}.Debug|Any CPU.ActiveCfg = Debug|Any CPU
		{3D66508E-ADA5-4C7B-BD79-53B20B6D4DAB}.Debug|Any CPU.Build.0 = Debug|Any CPU
		{3D66508E-ADA5-4C7B-BD79-53B20B6D4DAB}.Debug|Mixed Platforms.ActiveCfg = Debug|Any CPU
		{3D66508E-ADA5-4C7B-BD79-53B20B6D4DAB}.Debug|Mixed Platforms.Build.0 = Debug|Any CPU
		{3D66508E-ADA5-4C7B-BD79-53B20B6D4DAB}.Debug|Win32.ActiveCfg = Debug|Any CPU
		{3D66508E-ADA5-4C7B-BD79-53B20B6D4DAB}.Debug|x86.ActiveCfg = Debug|Any CPU
		{3D66508E-ADA5-4C7B-BD79-53B20B6D4DAB}.Release|Any CPU.ActiveCfg = Release|Any CPU
		{3D66508E-ADA5-4C7B-BD79-53B20B6D4DAB}.Release|Any CPU.Build.0 = Release|Any CPU
		{3D66508E-ADA5-4C7B-BD79-53B20B6D4DAB}.Release|Mixed Platforms.ActiveCfg = Release|Any CPU
		{3D66508E-ADA5-4C7B-BD79-53B20B6D4DAB}.Release|Mixed Platforms.Build.0 = Release|Any CPU
		{3D66508E-ADA5-4C7B-BD79-53B20B6D4DAB}.Release|Win32.ActiveCfg = Release|Any CPU
		{3D66508E-ADA5-4C7B-BD79-53B20B6D4DAB}.Release|x86.ActiveCfg = Release|Any CPU
		{BE2029A1-B77A-4803-A07F-037FEFFDB443}.Debug|Any CPU.ActiveCfg = Debug|Win32
		{BE2029A1-B77A-4803-A07F-037FEFFDB443}.Debug|Mixed Platforms.ActiveCfg = Debug|Win32
		{BE2029A1-B77A-4803-A07F-037FEFFDB443}.Debug|Mixed Platforms.Build.0 = Debug|Win32
		{BE2029A1-B77A-4803-A07F-037FEFFDB443}.Debug|Win32.ActiveCfg = Debug|Win32
		{BE2029A1-B77A-4803-A07F-037FEFFDB443}.Debug|Win32.Build.0 = Debug|Win32
		{BE2029A1-B77A-4803-A07F-037FEFFDB443}.Debug|x86.ActiveCfg = Debug|Win32
		{BE2029A1-B77A-4803-A07F-037FEFFDB443}.Release|Any CPU.ActiveCfg = Release|Win32
		{BE2029A1-B77A-4803-A07F-037FEFFDB443}.Release|Mixed Platforms.ActiveCfg = Release|Win32
		{BE2029A1-B77A-4803-A07F-037FEFFDB443}.Release|Mixed Platforms.Build.0 = Release|Win32
		{BE2029A1-B77A-4803-A07F-037FEFFDB443}.Release|Win32.ActiveCfg = Release|Win32
		{BE2029A1-B77A-4803-A07F-037FEFFDB443}.Release|Win32.Build.0 = Release|Win32
		{BE2029A1-B77A-4803-A07F-037FEFFDB443}.Release|x86.ActiveCfg = Release|Win32
		{796ED054-EA2A-40DA-BC9B-A50D03CE21B8}.Debug|Any CPU.ActiveCfg = Debug|Any CPU
		{796ED054-EA2A-40DA-BC9B-A50D03CE21B8}.Debug|Any CPU.Build.0 = Debug|Any CPU
		{796ED054-EA2A-40DA-BC9B-A50D03CE21B8}.Debug|Mixed Platforms.ActiveCfg = Debug|Any CPU
		{796ED054-EA2A-40DA-BC9B-A50D03CE21B8}.Debug|Mixed Platforms.Build.0 = Debug|Any CPU
		{796ED054-EA2A-40DA-BC9B-A50D03CE21B8}.Debug|Win32.ActiveCfg = Debug|Any CPU
		{796ED054-EA2A-40DA-BC9B-A50D03CE21B8}.Debug|x86.ActiveCfg = Debug|Any CPU
		{796ED054-EA2A-40DA-BC9B-A50D03CE21B8}.Release|Any CPU.ActiveCfg = Release|Any CPU
		{796ED054-EA2A-40DA-BC9B-A50D03CE21B8}.Release|Any CPU.Build.0 = Release|Any CPU
		{796ED054-EA2A-40DA-BC9B-A50D03CE21B8}.Release|Mixed Platforms.ActiveCfg = Release|Any CPU
		{796ED054-EA2A-40DA-BC9B-A50D03CE21B8}.Release|Mixed Platforms.Build.0 = Release|Any CPU
		{796ED054-EA2A-40DA-BC9B-A50D03CE21B8}.Release|Win32.ActiveCfg = Release|Any CPU
		{796ED054-EA2A-40DA-BC9B-A50D03CE21B8}.Release|x86.ActiveCfg = Release|Any CPU
		{FE7D771A-FED8-48B9-86B5-F7A5408026EC}.Debug|Any CPU.ActiveCfg = Debug|Any CPU
		{FE7D771A-FED8-48B9-86B5-F7A5408026EC}.Debug|Any CPU.Build.0 = Debug|Any CPU
		{FE7D771A-FED8-48B9-86B5-F7A5408026EC}.Debug|Mixed Platforms.ActiveCfg = Debug|Any CPU
		{FE7D771A-FED8-48B9-86B5-F7A5408026EC}.Debug|Mixed Platforms.Build.0 = Debug|Any CPU
		{FE7D771A-FED8-48B9-86B5-F7A5408026EC}.Debug|Win32.ActiveCfg = Debug|Any CPU
		{FE7D771A-FED8-48B9-86B5-F7A5408026EC}.Debug|x86.ActiveCfg = Debug|Any CPU
		{FE7D771A-FED8-48B9-86B5-F7A5408026EC}.Release|Any CPU.ActiveCfg = Release|Any CPU
		{FE7D771A-FED8-48B9-86B5-F7A5408026EC}.Release|Any CPU.Build.0 = Release|Any CPU
		{FE7D771A-FED8-48B9-86B5-F7A5408026EC}.Release|Mixed Platforms.ActiveCfg = Release|Any CPU
		{FE7D771A-FED8-48B9-86B5-F7A5408026EC}.Release|Mixed Platforms.Build.0 = Release|Any CPU
		{FE7D771A-FED8-48B9-86B5-F7A5408026EC}.Release|Win32.ActiveCfg = Release|Any CPU
		{FE7D771A-FED8-48B9-86B5-F7A5408026EC}.Release|x86.ActiveCfg = Release|Any CPU
		{31C4415B-A946-47BD-83FE-AE13FBFB1324}.Debug|Any CPU.ActiveCfg = Debug|Any CPU
		{31C4415B-A946-47BD-83FE-AE13FBFB1324}.Debug|Any CPU.Build.0 = Debug|Any CPU
		{31C4415B-A946-47BD-83FE-AE13FBFB1324}.Debug|Mixed Platforms.ActiveCfg = Debug|x86
		{31C4415B-A946-47BD-83FE-AE13FBFB1324}.Debug|Mixed Platforms.Build.0 = Debug|x86
		{31C4415B-A946-47BD-83FE-AE13FBFB1324}.Debug|Win32.ActiveCfg = Debug|x86
		{31C4415B-A946-47BD-83FE-AE13FBFB1324}.Debug|x86.ActiveCfg = Debug|x86
		{31C4415B-A946-47BD-83FE-AE13FBFB1324}.Debug|x86.Build.0 = Debug|x86
		{31C4415B-A946-47BD-83FE-AE13FBFB1324}.Release|Any CPU.ActiveCfg = Release|Any CPU
		{31C4415B-A946-47BD-83FE-AE13FBFB1324}.Release|Any CPU.Build.0 = Release|Any CPU
		{31C4415B-A946-47BD-83FE-AE13FBFB1324}.Release|Mixed Platforms.ActiveCfg = Release|x86
		{31C4415B-A946-47BD-83FE-AE13FBFB1324}.Release|Mixed Platforms.Build.0 = Release|x86
		{31C4415B-A946-47BD-83FE-AE13FBFB1324}.Release|Win32.ActiveCfg = Release|x86
		{31C4415B-A946-47BD-83FE-AE13FBFB1324}.Release|x86.ActiveCfg = Release|x86
		{31C4415B-A946-47BD-83FE-AE13FBFB1324}.Release|x86.Build.0 = Release|x86
		{6FBD14B8-C57D-49FD-8283-A162F40ABE37}.Debug|Any CPU.ActiveCfg = Debug|Any CPU
		{6FBD14B8-C57D-49FD-8283-A162F40ABE37}.Debug|Any CPU.Build.0 = Debug|Any CPU
		{6FBD14B8-C57D-49FD-8283-A162F40ABE37}.Debug|Mixed Platforms.ActiveCfg = Debug|Any CPU
		{6FBD14B8-C57D-49FD-8283-A162F40ABE37}.Debug|Mixed Platforms.Build.0 = Debug|Any CPU
		{6FBD14B8-C57D-49FD-8283-A162F40ABE37}.Debug|Win32.ActiveCfg = Debug|Any CPU
		{6FBD14B8-C57D-49FD-8283-A162F40ABE37}.Debug|x86.ActiveCfg = Debug|Any CPU
		{6FBD14B8-C57D-49FD-8283-A162F40ABE37}.Release|Any CPU.ActiveCfg = Release|Any CPU
		{6FBD14B8-C57D-49FD-8283-A162F40ABE37}.Release|Any CPU.Build.0 = Release|Any CPU
		{6FBD14B8-C57D-49FD-8283-A162F40ABE37}.Release|Mixed Platforms.ActiveCfg = Release|Any CPU
		{6FBD14B8-C57D-49FD-8283-A162F40ABE37}.Release|Mixed Platforms.Build.0 = Release|Any CPU
		{6FBD14B8-C57D-49FD-8283-A162F40ABE37}.Release|Win32.ActiveCfg = Release|Any CPU
		{6FBD14B8-C57D-49FD-8283-A162F40ABE37}.Release|x86.ActiveCfg = Release|Any CPU
		{91147901-6468-4D3B-96C8-93E2ABD4F09A}.Debug|Any CPU.ActiveCfg = Debug|Any CPU
		{91147901-6468-4D3B-96C8-93E2ABD4F09A}.Debug|Any CPU.Build.0 = Debug|Any CPU
		{91147901-6468-4D3B-96C8-93E2ABD4F09A}.Debug|Mixed Platforms.ActiveCfg = Debug|Any CPU
		{91147901-6468-4D3B-96C8-93E2ABD4F09A}.Debug|Mixed Platforms.Build.0 = Debug|Any CPU
		{91147901-6468-4D3B-96C8-93E2ABD4F09A}.Debug|Win32.ActiveCfg = Debug|Any CPU
		{91147901-6468-4D3B-96C8-93E2ABD4F09A}.Debug|x86.ActiveCfg = Debug|Any CPU
		{91147901-6468-4D3B-96C8-93E2ABD4F09A}.Release|Any CPU.ActiveCfg = Release|Any CPU
		{91147901-6468-4D3B-96C8-93E2ABD4F09A}.Release|Any CPU.Build.0 = Release|Any CPU
		{91147901-6468-4D3B-96C8-93E2ABD4F09A}.Release|Mixed Platforms.ActiveCfg = Release|Any CPU
		{91147901-6468-4D3B-96C8-93E2ABD4F09A}.Release|Mixed Platforms.Build.0 = Release|Any CPU
		{91147901-6468-4D3B-96C8-93E2ABD4F09A}.Release|Win32.ActiveCfg = Release|Any CPU
		{91147901-6468-4D3B-96C8-93E2ABD4F09A}.Release|x86.ActiveCfg = Release|Any CPU
		{5CFFB705-D0E3-4402-8FF9-8BE7E1422FBE}.Debug|Any CPU.ActiveCfg = Debug|Any CPU
		{5CFFB705-D0E3-4402-8FF9-8BE7E1422FBE}.Debug|Any CPU.Build.0 = Debug|Any CPU
		{5CFFB705-D0E3-4402-8FF9-8BE7E1422FBE}.Debug|Mixed Platforms.ActiveCfg = Debug|Any CPU
		{5CFFB705-D0E3-4402-8FF9-8BE7E1422FBE}.Debug|Mixed Platforms.Build.0 = Debug|Any CPU
		{5CFFB705-D0E3-4402-8FF9-8BE7E1422FBE}.Debug|Win32.ActiveCfg = Debug|Any CPU
		{5CFFB705-D0E3-4402-8FF9-8BE7E1422FBE}.Debug|x86.ActiveCfg = Debug|Any CPU
		{5CFFB705-D0E3-4402-8FF9-8BE7E1422FBE}.Release|Any CPU.ActiveCfg = Release|Any CPU
		{5CFFB705-D0E3-4402-8FF9-8BE7E1422FBE}.Release|Any CPU.Build.0 = Release|Any CPU
		{5CFFB705-D0E3-4402-8FF9-8BE7E1422FBE}.Release|Mixed Platforms.ActiveCfg = Release|Any CPU
		{5CFFB705-D0E3-4402-8FF9-8BE7E1422FBE}.Release|Mixed Platforms.Build.0 = Release|Any CPU
		{5CFFB705-D0E3-4402-8FF9-8BE7E1422FBE}.Release|Win32.ActiveCfg = Release|Any CPU
		{5CFFB705-D0E3-4402-8FF9-8BE7E1422FBE}.Release|x86.ActiveCfg = Release|Any CPU
		{D996AD59-D9C6-4DBB-9E96-D7C90896E8D0}.Debug|Any CPU.ActiveCfg = Debug|Any CPU
		{D996AD59-D9C6-4DBB-9E96-D7C90896E8D0}.Debug|Any CPU.Build.0 = Debug|Any CPU
		{D996AD59-D9C6-4DBB-9E96-D7C90896E8D0}.Debug|Mixed Platforms.ActiveCfg = Debug|Any CPU
		{D996AD59-D9C6-4DBB-9E96-D7C90896E8D0}.Debug|Mixed Platforms.Build.0 = Debug|Any CPU
		{D996AD59-D9C6-4DBB-9E96-D7C90896E8D0}.Debug|Win32.ActiveCfg = Debug|Any CPU
		{D996AD59-D9C6-4DBB-9E96-D7C90896E8D0}.Debug|x86.ActiveCfg = Debug|Any CPU
		{D996AD59-D9C6-4DBB-9E96-D7C90896E8D0}.Release|Any CPU.ActiveCfg = Release|Any CPU
		{D996AD59-D9C6-4DBB-9E96-D7C90896E8D0}.Release|Any CPU.Build.0 = Release|Any CPU
		{D996AD59-D9C6-4DBB-9E96-D7C90896E8D0}.Release|Mixed Platforms.ActiveCfg = Release|Any CPU
		{D996AD59-D9C6-4DBB-9E96-D7C90896E8D0}.Release|Mixed Platforms.Build.0 = Release|Any CPU
		{D996AD59-D9C6-4DBB-9E96-D7C90896E8D0}.Release|Win32.ActiveCfg = Release|Any CPU
		{D996AD59-D9C6-4DBB-9E96-D7C90896E8D0}.Release|x86.ActiveCfg = Release|Any CPU
	EndGlobalSection
	GlobalSection(SolutionProperties) = preSolution
		HideSolutionNode = FALSE
	EndGlobalSection
	GlobalSection(NestedProjects) = preSolution
		{FE7D771A-FED8-48B9-86B5-F7A5408026EC} = {97BA6986-177F-4A2F-8EDF-8E447CEDDEEF}
	EndGlobalSection
EndGlobal
